// !$*UTF8*$!
{
	archiveVersion = 1;
	classes = {
	};
	objectVersion = 51;
	objects = {

/* Begin PBXBuildFile section */
		4A255633268FF6E500033DFD /* PenguinChaseVideoDetailViewController.m in Sources */ = {isa = PBXBuildFile; fileRef = 4A255632268FF6E500033DFD /* PenguinChaseVideoDetailViewController.m */; };
		4A255636268FF78600033DFD /* PenguinChaseVideoDetailHeader.m in Sources */ = {isa = PBXBuildFile; fileRef = 4A255635268FF78600033DFD /* PenguinChaseVideoDetailHeader.m */; };
		4A2556392690039500033DFD /* PenguinChaseVideodetailCollectionViewCell.m in Sources */ = {isa = PBXBuildFile; fileRef = 4A2556382690039500033DFD /* PenguinChaseVideodetailCollectionViewCell.m */; };
		4A25563C26900B0200033DFD /* PenginChaseVideoDetailTableViewCell.m in Sources */ = {isa = PBXBuildFile; fileRef = 4A25563B26900B0200033DFD /* PenginChaseVideoDetailTableViewCell.m */; };
		4A25564126900CF300033DFD /* PenguinChaseKefuViewController.m in Sources */ = {isa = PBXBuildFile; fileRef = 4A25564026900CF300033DFD /* PenguinChaseKefuViewController.m */; };
		4A25564626900D6000033DFD /* CarpVideoKefuModel.m in Sources */ = {isa = PBXBuildFile; fileRef = 4A25564326900D6000033DFD /* CarpVideoKefuModel.m */; };
		4A25564726900D6000033DFD /* CarpVideoKefuTableViewCell.m in Sources */ = {isa = PBXBuildFile; fileRef = 4A25564526900D6000033DFD /* CarpVideoKefuTableViewCell.m */; };
		4A25564B2690215B00033DFD /* PenguinChaseBangdanViewController.m in Sources */ = {isa = PBXBuildFile; fileRef = 4A25564A2690215B00033DFD /* PenguinChaseBangdanViewController.m */; };
		4A25564E2690233700033DFD /* PenguinChaseBangdanTableViewCell.m in Sources */ = {isa = PBXBuildFile; fileRef = 4A25564D2690233700033DFD /* PenguinChaseBangdanTableViewCell.m */; };
		4A2556512690460A00033DFD /* PenguinChaseWantBtn.m in Sources */ = {isa = PBXBuildFile; fileRef = 4A2556502690460A00033DFD /* PenguinChaseWantBtn.m */; };
		4A25565526904E4A00033DFD /* PenguinGoodVideoViewController.m in Sources */ = {isa = PBXBuildFile; fileRef = 4A25565426904E4A00033DFD /* PenguinGoodVideoViewController.m */; };
		8A32A66B26845F480089F8BC /* AppDelegate.m in Sources */ = {isa = PBXBuildFile; fileRef = 8A32A66A26845F480089F8BC /* AppDelegate.m */; };
		8A32A67126845F480089F8BC /* ViewController.m in Sources */ = {isa = PBXBuildFile; fileRef = 8A32A67026845F480089F8BC /* ViewController.m */; };
		8A32A67426845F480089F8BC /* Main.storyboard in Resources */ = {isa = PBXBuildFile; fileRef = 8A32A67226845F480089F8BC /* Main.storyboard */; };
		8A32A67626845F4A0089F8BC /* Assets.xcassets in Resources */ = {isa = PBXBuildFile; fileRef = 8A32A67526845F4A0089F8BC /* Assets.xcassets */; };
		8A32A67926845F4A0089F8BC /* LaunchScreen.storyboard in Resources */ = {isa = PBXBuildFile; fileRef = 8A32A67726845F4A0089F8BC /* LaunchScreen.storyboard */; };
		8A32A67C26845F4A0089F8BC /* main.m in Sources */ = {isa = PBXBuildFile; fileRef = 8A32A67B26845F4A0089F8BC /* main.m */; };
		8A32A68626845F4A0089F8BC /* PenguinChaseTests.m in Sources */ = {isa = PBXBuildFile; fileRef = 8A32A68526845F4A0089F8BC /* PenguinChaseTests.m */; };
		8A32A69126845F4A0089F8BC /* PenguinChaseUITests.m in Sources */ = {isa = PBXBuildFile; fileRef = 8A32A69026845F4A0089F8BC /* PenguinChaseUITests.m */; };
		8A4960EE268AA91400CB02DD /* PenguinChaseHomHeaderView.m in Sources */ = {isa = PBXBuildFile; fileRef = 8A4960ED268AA91400CB02DD /* PenguinChaseHomHeaderView.m */; };
		8A4960F4268AAAEF00CB02DD /* JRWaterFallLayout.m in Sources */ = {isa = PBXBuildFile; fileRef = 8A4960F3268AAAEF00CB02DD /* JRWaterFallLayout.m */; };
		8A496136268ABBA600CB02DD /* PenguinChaseVideoMessageBtn.m in Sources */ = {isa = PBXBuildFile; fileRef = 8A496135268ABBA600CB02DD /* PenguinChaseVideoMessageBtn.m */; };
		8A49613F268AC9F100CB02DD /* PenguinChaseHomeTableViewCell.m in Sources */ = {isa = PBXBuildFile; fileRef = 8A49613E268AC9F100CB02DD /* PenguinChaseHomeTableViewCell.m */; };
		8A496145268AFAA400CB02DD /* PenguinChaseHomeFooterView.m in Sources */ = {isa = PBXBuildFile; fileRef = 8A496144268AFAA400CB02DD /* PenguinChaseHomeFooterView.m */; };
		8A49614B268B006A00CB02DD /* PenguinChaseHomeCollectionViewCell.m in Sources */ = {isa = PBXBuildFile; fileRef = 8A49614A268B006A00CB02DD /* PenguinChaseHomeCollectionViewCell.m */; };
		8A496154268B177700CB02DD /* PenguinChaseHuatiSearchView.m in Sources */ = {isa = PBXBuildFile; fileRef = 8A496153268B177700CB02DD /* PenguinChaseHuatiSearchView.m */; };
		8A49615D268B1DE500CB02DD /* PenguinHuatileftTableViewCell.m in Sources */ = {isa = PBXBuildFile; fileRef = 8A49615C268B1DE500CB02DD /* PenguinHuatileftTableViewCell.m */; };
		8A496163268B22D600CB02DD /* PenguinHuatiRigthTableViewCell.m in Sources */ = {isa = PBXBuildFile; fileRef = 8A496162268B22D600CB02DD /* PenguinHuatiRigthTableViewCell.m */; };
		8A5154B0268C0111001F5D52 /* PenguinChaseMessageTableViewCell.m in Sources */ = {isa = PBXBuildFile; fileRef = 8A5154AF268C0111001F5D52 /* PenguinChaseMessageTableViewCell.m */; };
		8A5154BF268C3D1A001F5D52 /* PenguinsystemMessageModel.m in Sources */ = {isa = PBXBuildFile; fileRef = 8A5154BE268C3D1A001F5D52 /* PenguinsystemMessageModel.m */; };
		8A5154C5268C4171001F5D52 /* PenguinChasesystemMessageTableViewCell.m in Sources */ = {isa = PBXBuildFile; fileRef = 8A5154C4268C4171001F5D52 /* PenguinChasesystemMessageTableViewCell.m */; };
		8A515550268C5427001F5D52 /* PenguinChaseHomeNewsViewController.m in Sources */ = {isa = PBXBuildFile; fileRef = 8A51554F268C5427001F5D52 /* PenguinChaseHomeNewsViewController.m */; };
		8A515559268C5642001F5D52 /* PenguinChaseNewsTableViewCell.m in Sources */ = {isa = PBXBuildFile; fileRef = 8A515558268C5642001F5D52 /* PenguinChaseNewsTableViewCell.m */; };
		8A515560268C6EB5001F5D52 /* PenguinChaseDongtaiViewController.m in Sources */ = {isa = PBXBuildFile; fileRef = 8A51555F268C6EB5001F5D52 /* PenguinChaseDongtaiViewController.m */; };
		8A59703126942E43006D3675 /* PenguinChaseSearchingViewController.m in Sources */ = {isa = PBXBuildFile; fileRef = 8A59703026942E43006D3675 /* PenguinChaseSearchingViewController.m */; };
		8A5970FD26943E95006D3675 /* PenguinCenterBtn.m in Sources */ = {isa = PBXBuildFile; fileRef = 8A5970FC26943E95006D3675 /* PenguinCenterBtn.m */; };
		8A59714326944F63006D3675 /* PenguinChaseSugestionViewController.m in Sources */ = {isa = PBXBuildFile; fileRef = 8A59714226944F63006D3675 /* PenguinChaseSugestionViewController.m */; };
		8A59714926944F95006D3675 /* PenguinChaseAdviceCollectionCell.m in Sources */ = {isa = PBXBuildFile; fileRef = 8A59714826944F95006D3675 /* PenguinChaseAdviceCollectionCell.m */; };
		8A59715326945717006D3675 /* PenguinaboutUsViewController.m in Sources */ = {isa = PBXBuildFile; fileRef = 8A59715226945717006D3675 /* PenguinaboutUsViewController.m */; };
		8A59715B2694574F006D3675 /* PenguinAbout.html in Resources */ = {isa = PBXBuildFile; fileRef = 8A59715A2694574F006D3675 /* PenguinAbout.html */; };
		8A59716526945A64006D3675 /* PenguinChaseMyFallowViewController.m in Sources */ = {isa = PBXBuildFile; fileRef = 8A59716426945A64006D3675 /* PenguinChaseMyFallowViewController.m */; };
		8A59716F26945B39006D3675 /* PengUinChaseWatchedViewController.m in Sources */ = {isa = PBXBuildFile; fileRef = 8A59716E26945B39006D3675 /* PengUinChaseWatchedViewController.m */; };
		8A59717926945B74006D3675 /* PenguinChase_MySendViewController.m in Sources */ = {isa = PBXBuildFile; fileRef = 8A59717826945B74006D3675 /* PenguinChase_MySendViewController.m */; };
		8A59718326945BB6006D3675 /* PenginChaseMyColltecdViewController.m in Sources */ = {isa = PBXBuildFile; fileRef = 8A59718226945BB6006D3675 /* PenginChaseMyColltecdViewController.m */; };
		8A59718D26945BEE006D3675 /* PenguinChase_MyInfoViewController.m in Sources */ = {isa = PBXBuildFile; fileRef = 8A59718C26945BEE006D3675 /* PenguinChase_MyInfoViewController.m */; };
		8A59719626945CB1006D3675 /* PenguinhaseSendZoneCollectionCell.m in Sources */ = {isa = PBXBuildFile; fileRef = 8A59719426945CB1006D3675 /* PenguinhaseSendZoneCollectionCell.m */; };
		8A5ABBF02689CCF400DF1108 /* UITextField+AddPlaceholder.m in Sources */ = {isa = PBXBuildFile; fileRef = 8A5ABBE02689CCEF00DF1108 /* UITextField+AddPlaceholder.m */; };
		8A5ABBF12689CCF400DF1108 /* UIView+shadowPath.m in Sources */ = {isa = PBXBuildFile; fileRef = 8A5ABBE12689CCEF00DF1108 /* UIView+shadowPath.m */; };
		8A5ABBF22689CCF400DF1108 /* WWStarView.m in Sources */ = {isa = PBXBuildFile; fileRef = 8A5ABBE52689CCF000DF1108 /* WWStarView.m */; };
		8A5ABBF32689CCF400DF1108 /* UIViewController+IOS13.m in Sources */ = {isa = PBXBuildFile; fileRef = 8A5ABBE62689CCF100DF1108 /* UIViewController+IOS13.m */; };
		8A5ABBF42689CCF400DF1108 /* UIView+ACSLayer.m in Sources */ = {isa = PBXBuildFile; fileRef = 8A5ABBE82689CCF100DF1108 /* UIView+ACSLayer.m */; };
		8A5ABBF52689CCF400DF1108 /* LMJHorizontalScrollText.m in Sources */ = {isa = PBXBuildFile; fileRef = 8A5ABBE92689CCF200DF1108 /* LMJHorizontalScrollText.m */; };
		8A5ABBF62689CCF400DF1108 /* UILabel+CDGPSpaceLb.m in Sources */ = {isa = PBXBuildFile; fileRef = 8A5ABBEB2689CCF200DF1108 /* UILabel+CDGPSpaceLb.m */; };
		8A5ABBF72689CCF400DF1108 /* UIView+HZXFrame.m in Sources */ = {isa = PBXBuildFile; fileRef = 8A5ABBED2689CCF300DF1108 /* UIView+HZXFrame.m */; };
		8A5ABBFD2689CD6800DF1108 /* UIColor+CHRegex.m in Sources */ = {isa = PBXBuildFile; fileRef = 8A5ABBFC2689CD6800DF1108 /* UIColor+CHRegex.m */; };
		8A5ABC0A2689CE6900DF1108 /* PenguinChase_BaseTabbarViewController.m in Sources */ = {isa = PBXBuildFile; fileRef = 8A5ABC092689CE6900DF1108 /* PenguinChase_BaseTabbarViewController.m */; };
		8A5ABC132689CEA300DF1108 /* PenguinChase_BaseViewController.m in Sources */ = {isa = PBXBuildFile; fileRef = 8A5ABC122689CEA300DF1108 /* PenguinChase_BaseViewController.m */; };
		8A5ABC192689CEC300DF1108 /* PenguinChaseListViewController.m in Sources */ = {isa = PBXBuildFile; fileRef = 8A5ABC182689CEC300DF1108 /* PenguinChaseListViewController.m */; };
		8A5ABC1F2689CEE100DF1108 /* PenguinChaseBaseTableViewCell.m in Sources */ = {isa = PBXBuildFile; fileRef = 8A5ABC1E2689CEE100DF1108 /* PenguinChaseBaseTableViewCell.m */; };
		8A5ABC252689CF3B00DF1108 /* PenguinChaseBaseCollectionViewCell.m in Sources */ = {isa = PBXBuildFile; fileRef = 8A5ABC242689CF3B00DF1108 /* PenguinChaseBaseCollectionViewCell.m */; };
		8A5ABC2B2689D12300DF1108 /* CHTabBar.m in Sources */ = {isa = PBXBuildFile; fileRef = 8A5ABC2A2689D12300DF1108 /* CHTabBar.m */; };
		8A5ABC312689D13A00DF1108 /* CoreAnimationEffect.m in Sources */ = {isa = PBXBuildFile; fileRef = 8A5ABC302689D13A00DF1108 /* CoreAnimationEffect.m */; };
		8A5ABC372689D16C00DF1108 /* PenguinChaseHomeViewController.m in Sources */ = {isa = PBXBuildFile; fileRef = 8A5ABC362689D16C00DF1108 /* PenguinChaseHomeViewController.m */; };
		8A5ABC3D2689D18600DF1108 /* PenguinChaseHuatiViewController.m in Sources */ = {isa = PBXBuildFile; fileRef = 8A5ABC3C2689D18600DF1108 /* PenguinChaseHuatiViewController.m */; };
		8A5ABC432689D1CF00DF1108 /* PenguinChaseMessageViewController.m in Sources */ = {isa = PBXBuildFile; fileRef = 8A5ABC422689D1CF00DF1108 /* PenguinChaseMessageViewController.m */; };
		8A5ABC4C2689D1F500DF1108 /* PenguinChaseCenterViewController.m in Sources */ = {isa = PBXBuildFile; fileRef = 8A5ABC4B2689D1F500DF1108 /* PenguinChaseCenterViewController.m */; };
		8A5ABC522689D22000DF1108 /* PenguinChaseFabuViewController.m in Sources */ = {isa = PBXBuildFile; fileRef = 8A5ABC512689D22000DF1108 /* PenguinChaseFabuViewController.m */; };
		8A5ABC5C2689D23E00DF1108 /* PenguinChaseLoginViewController.m in Sources */ = {isa = PBXBuildFile; fileRef = 8A5ABC5B2689D23E00DF1108 /* PenguinChaseLoginViewController.m */; };
		8A5ABC662689D26B00DF1108 /* PenguinChaseLoginTool.m in Sources */ = {isa = PBXBuildFile; fileRef = 8A5ABC652689D26B00DF1108 /* PenguinChaseLoginTool.m */; };
		8A5ABC6F2689D2BF00DF1108 /* NSString+CHRegex.m in Sources */ = {isa = PBXBuildFile; fileRef = 8A5ABC6E2689D2BF00DF1108 /* NSString+CHRegex.m */; };
		8A7190A526929539004F4953 /* PenguinCase_GoodVideoHeaderView.m in Sources */ = {isa = PBXBuildFile; fileRef = 8A7190A426929539004F4953 /* PenguinCase_GoodVideoHeaderView.m */; };
		8A7190AE2692AFAF004F4953 /* PenguinChaseDongtaiTableViewCell.m in Sources */ = {isa = PBXBuildFile; fileRef = 8A7190AD2692AFAF004F4953 /* PenguinChaseDongtaiTableViewCell.m */; };
		8A7190B42692DAF6004F4953 /* PenguinChaseDongtaiCollectionViewCell.m in Sources */ = {isa = PBXBuildFile; fileRef = 8A7190B32692DAF6004F4953 /* PenguinChaseDongtaiCollectionViewCell.m */; };
		8A7190BA2692DCBD004F4953 /* PenguinChaseDongtaiBtn.m in Sources */ = {isa = PBXBuildFile; fileRef = 8A7190B92692DCBD004F4953 /* PenguinChaseDongtaiBtn.m */; };
		8A7190C12692E088004F4953 /* PenguinChaseComentListViewController.m in Sources */ = {isa = PBXBuildFile; fileRef = 8A7190C02692E088004F4953 /* PenguinChaseComentListViewController.m */; };
		8A7190CA2692E1BC004F4953 /* PenguinChaseComentListTableViewCell.m in Sources */ = {isa = PBXBuildFile; fileRef = 8A7190C92692E1BC004F4953 /* PenguinChaseComentListTableViewCell.m */; };
		8A7190D52692F98D004F4953 /* PenguinChaseJubaoVideoWarningModel.m in Sources */ = {isa = PBXBuildFile; fileRef = 8A7190D12692F98C004F4953 /* PenguinChaseJubaoVideoWarningModel.m */; };
		8A7190D62692F98D004F4953 /* PenguinChaseJubaoLitsViewController.m in Sources */ = {isa = PBXBuildFile; fileRef = 8A7190D22692F98C004F4953 /* PenguinChaseJubaoLitsViewController.m */; };
		8A7190D72692F98D004F4953 /* PenguinChaseVideowarningTabeCell.m in Sources */ = {isa = PBXBuildFile; fileRef = 8A7190D32692F98C004F4953 /* PenguinChaseVideowarningTabeCell.m */; };
		8A71911C2693008A004F4953 /* PenguinChaseZanComentViewController.m in Sources */ = {isa = PBXBuildFile; fileRef = 8A71911B2693008A004F4953 /* PenguinChaseZanComentViewController.m */; };
		8A71912E2693037B004F4953 /* PenguinChaseVideoNotiCationTableViewCell.m in Sources */ = {isa = PBXBuildFile; fileRef = 8A7191282693037A004F4953 /* PenguinChaseVideoNotiCationTableViewCell.m */; };
		8A71912F2693037B004F4953 /* PenguinChaseNotifiCationDetailViewController.m in Sources */ = {isa = PBXBuildFile; fileRef = 8A71912B2693037A004F4953 /* PenguinChaseNotifiCationDetailViewController.m */; };
		8A7191302693037B004F4953 /* PenguinChaseNotificationViewController.m in Sources */ = {isa = PBXBuildFile; fileRef = 8A71912D2693037B004F4953 /* PenguinChaseNotificationViewController.m */; };
		8A71913F26930681004F4953 /* PenguinCenterListTableViewCell.m in Sources */ = {isa = PBXBuildFile; fileRef = 8A71913E26930681004F4953 /* PenguinCenterListTableViewCell.m */; };
		8A719145269306A7004F4953 /* PenguinCenterHeaderView.m in Sources */ = {isa = PBXBuildFile; fileRef = 8A719144269306A7004F4953 /* PenguinCenterHeaderView.m */; };
		F5801DF0489BDCA8E8128039 /* Pods_PenguinChase.framework in Frameworks */ = {isa = PBXBuildFile; fileRef = 58ED390224B19FE7011F7049 /* Pods_PenguinChase.framework */; };
/* End PBXBuildFile section */

/* Begin PBXContainerItemProxy section */
		8A32A68226845F4A0089F8BC /* PBXContainerItemProxy */ = {
			isa = PBXContainerItemProxy;
			containerPortal = 8A32A65E26845F480089F8BC /* Project object */;
			proxyType = 1;
			remoteGlobalIDString = 8A32A66526845F480089F8BC;
			remoteInfo = PenguinChase;
		};
		8A32A68D26845F4A0089F8BC /* PBXContainerItemProxy */ = {
			isa = PBXContainerItemProxy;
			containerPortal = 8A32A65E26845F480089F8BC /* Project object */;
			proxyType = 1;
			remoteGlobalIDString = 8A32A66526845F480089F8BC;
			remoteInfo = PenguinChase;
		};
/* End PBXContainerItemProxy section */

/* Begin PBXFileReference section */
		07F36772430F51ABC7147DEB /* Pods-PenguinChase.debug.xcconfig */ = {isa = PBXFileReference; includeInIndex = 1; lastKnownFileType = text.xcconfig; name = "Pods-PenguinChase.debug.xcconfig"; path = "Target Support Files/Pods-PenguinChase/Pods-PenguinChase.debug.xcconfig"; sourceTree = "<group>"; };
		4A255631268FF6E500033DFD /* PenguinChaseVideoDetailViewController.h */ = {isa = PBXFileReference; lastKnownFileType = sourcecode.c.h; path = PenguinChaseVideoDetailViewController.h; sourceTree = "<group>"; };
		4A255632268FF6E500033DFD /* PenguinChaseVideoDetailViewController.m */ = {isa = PBXFileReference; lastKnownFileType = sourcecode.c.objc; path = PenguinChaseVideoDetailViewController.m; sourceTree = "<group>"; };
		4A255634268FF78600033DFD /* PenguinChaseVideoDetailHeader.h */ = {isa = PBXFileReference; lastKnownFileType = sourcecode.c.h; path = PenguinChaseVideoDetailHeader.h; sourceTree = "<group>"; };
		4A255635268FF78600033DFD /* PenguinChaseVideoDetailHeader.m */ = {isa = PBXFileReference; lastKnownFileType = sourcecode.c.objc; path = PenguinChaseVideoDetailHeader.m; sourceTree = "<group>"; };
		4A2556372690039500033DFD /* PenguinChaseVideodetailCollectionViewCell.h */ = {isa = PBXFileReference; lastKnownFileType = sourcecode.c.h; path = PenguinChaseVideodetailCollectionViewCell.h; sourceTree = "<group>"; };
		4A2556382690039500033DFD /* PenguinChaseVideodetailCollectionViewCell.m */ = {isa = PBXFileReference; lastKnownFileType = sourcecode.c.objc; path = PenguinChaseVideodetailCollectionViewCell.m; sourceTree = "<group>"; };
		4A25563A26900B0200033DFD /* PenginChaseVideoDetailTableViewCell.h */ = {isa = PBXFileReference; lastKnownFileType = sourcecode.c.h; path = PenginChaseVideoDetailTableViewCell.h; sourceTree = "<group>"; };
		4A25563B26900B0200033DFD /* PenginChaseVideoDetailTableViewCell.m */ = {isa = PBXFileReference; lastKnownFileType = sourcecode.c.objc; path = PenginChaseVideoDetailTableViewCell.m; sourceTree = "<group>"; };
		4A25563F26900CF300033DFD /* PenguinChaseKefuViewController.h */ = {isa = PBXFileReference; lastKnownFileType = sourcecode.c.h; path = PenguinChaseKefuViewController.h; sourceTree = "<group>"; };
		4A25564026900CF300033DFD /* PenguinChaseKefuViewController.m */ = {isa = PBXFileReference; lastKnownFileType = sourcecode.c.objc; path = PenguinChaseKefuViewController.m; sourceTree = "<group>"; };
		4A25564226900D6000033DFD /* CarpVideoKefuTableViewCell.h */ = {isa = PBXFileReference; fileEncoding = 4; lastKnownFileType = sourcecode.c.h; path = CarpVideoKefuTableViewCell.h; sourceTree = "<group>"; };
		4A25564326900D6000033DFD /* CarpVideoKefuModel.m */ = {isa = PBXFileReference; fileEncoding = 4; lastKnownFileType = sourcecode.c.objc; path = CarpVideoKefuModel.m; sourceTree = "<group>"; };
		4A25564426900D6000033DFD /* CarpVideoKefuModel.h */ = {isa = PBXFileReference; fileEncoding = 4; lastKnownFileType = sourcecode.c.h; path = CarpVideoKefuModel.h; sourceTree = "<group>"; };
		4A25564526900D6000033DFD /* CarpVideoKefuTableViewCell.m */ = {isa = PBXFileReference; fileEncoding = 4; lastKnownFileType = sourcecode.c.objc; path = CarpVideoKefuTableViewCell.m; sourceTree = "<group>"; };
		4A2556492690215B00033DFD /* PenguinChaseBangdanViewController.h */ = {isa = PBXFileReference; lastKnownFileType = sourcecode.c.h; path = PenguinChaseBangdanViewController.h; sourceTree = "<group>"; };
		4A25564A2690215B00033DFD /* PenguinChaseBangdanViewController.m */ = {isa = PBXFileReference; lastKnownFileType = sourcecode.c.objc; path = PenguinChaseBangdanViewController.m; sourceTree = "<group>"; };
		4A25564C2690233700033DFD /* PenguinChaseBangdanTableViewCell.h */ = {isa = PBXFileReference; lastKnownFileType = sourcecode.c.h; path = PenguinChaseBangdanTableViewCell.h; sourceTree = "<group>"; };
		4A25564D2690233700033DFD /* PenguinChaseBangdanTableViewCell.m */ = {isa = PBXFileReference; lastKnownFileType = sourcecode.c.objc; path = PenguinChaseBangdanTableViewCell.m; sourceTree = "<group>"; };
		4A25564F2690460A00033DFD /* PenguinChaseWantBtn.h */ = {isa = PBXFileReference; lastKnownFileType = sourcecode.c.h; path = PenguinChaseWantBtn.h; sourceTree = "<group>"; };
		4A2556502690460A00033DFD /* PenguinChaseWantBtn.m */ = {isa = PBXFileReference; lastKnownFileType = sourcecode.c.objc; path = PenguinChaseWantBtn.m; sourceTree = "<group>"; };
		4A25565326904E4A00033DFD /* PenguinGoodVideoViewController.h */ = {isa = PBXFileReference; lastKnownFileType = sourcecode.c.h; path = PenguinGoodVideoViewController.h; sourceTree = "<group>"; };
		4A25565426904E4A00033DFD /* PenguinGoodVideoViewController.m */ = {isa = PBXFileReference; lastKnownFileType = sourcecode.c.objc; path = PenguinGoodVideoViewController.m; sourceTree = "<group>"; };
		58ED390224B19FE7011F7049 /* Pods_PenguinChase.framework */ = {isa = PBXFileReference; explicitFileType = wrapper.framework; includeInIndex = 0; path = Pods_PenguinChase.framework; sourceTree = BUILT_PRODUCTS_DIR; };
		8A32A66626845F480089F8BC /* PenguinChase.app */ = {isa = PBXFileReference; explicitFileType = wrapper.application; includeInIndex = 0; path = PenguinChase.app; sourceTree = BUILT_PRODUCTS_DIR; };
		8A32A66926845F480089F8BC /* AppDelegate.h */ = {isa = PBXFileReference; lastKnownFileType = sourcecode.c.h; path = AppDelegate.h; sourceTree = "<group>"; };
		8A32A66A26845F480089F8BC /* AppDelegate.m */ = {isa = PBXFileReference; lastKnownFileType = sourcecode.c.objc; path = AppDelegate.m; sourceTree = "<group>"; };
		8A32A66F26845F480089F8BC /* ViewController.h */ = {isa = PBXFileReference; lastKnownFileType = sourcecode.c.h; path = ViewController.h; sourceTree = "<group>"; };
		8A32A67026845F480089F8BC /* ViewController.m */ = {isa = PBXFileReference; lastKnownFileType = sourcecode.c.objc; path = ViewController.m; sourceTree = "<group>"; };
		8A32A67326845F480089F8BC /* Base */ = {isa = PBXFileReference; lastKnownFileType = file.storyboard; name = Base; path = Base.lproj/Main.storyboard; sourceTree = "<group>"; };
		8A32A67526845F4A0089F8BC /* Assets.xcassets */ = {isa = PBXFileReference; lastKnownFileType = folder.assetcatalog; path = Assets.xcassets; sourceTree = "<group>"; };
		8A32A67826845F4A0089F8BC /* Base */ = {isa = PBXFileReference; lastKnownFileType = file.storyboard; name = Base; path = Base.lproj/LaunchScreen.storyboard; sourceTree = "<group>"; };
		8A32A67A26845F4A0089F8BC /* Info.plist */ = {isa = PBXFileReference; lastKnownFileType = text.plist.xml; path = Info.plist; sourceTree = "<group>"; };
		8A32A67B26845F4A0089F8BC /* main.m */ = {isa = PBXFileReference; lastKnownFileType = sourcecode.c.objc; path = main.m; sourceTree = "<group>"; };
		8A32A68126845F4A0089F8BC /* PenguinChaseTests.xctest */ = {isa = PBXFileReference; explicitFileType = wrapper.cfbundle; includeInIndex = 0; path = PenguinChaseTests.xctest; sourceTree = BUILT_PRODUCTS_DIR; };
		8A32A68526845F4A0089F8BC /* PenguinChaseTests.m */ = {isa = PBXFileReference; lastKnownFileType = sourcecode.c.objc; path = PenguinChaseTests.m; sourceTree = "<group>"; };
		8A32A68726845F4A0089F8BC /* Info.plist */ = {isa = PBXFileReference; lastKnownFileType = text.plist.xml; path = Info.plist; sourceTree = "<group>"; };
		8A32A68C26845F4A0089F8BC /* PenguinChaseUITests.xctest */ = {isa = PBXFileReference; explicitFileType = wrapper.cfbundle; includeInIndex = 0; path = PenguinChaseUITests.xctest; sourceTree = BUILT_PRODUCTS_DIR; };
		8A32A69026845F4A0089F8BC /* PenguinChaseUITests.m */ = {isa = PBXFileReference; lastKnownFileType = sourcecode.c.objc; path = PenguinChaseUITests.m; sourceTree = "<group>"; };
		8A32A69226845F4A0089F8BC /* Info.plist */ = {isa = PBXFileReference; lastKnownFileType = text.plist.xml; path = Info.plist; sourceTree = "<group>"; };
		8A4960EC268AA91400CB02DD /* PenguinChaseHomHeaderView.h */ = {isa = PBXFileReference; lastKnownFileType = sourcecode.c.h; path = PenguinChaseHomHeaderView.h; sourceTree = "<group>"; };
		8A4960ED268AA91400CB02DD /* PenguinChaseHomHeaderView.m */ = {isa = PBXFileReference; lastKnownFileType = sourcecode.c.objc; path = PenguinChaseHomHeaderView.m; sourceTree = "<group>"; };
		8A4960F2268AAAEF00CB02DD /* JRWaterFallLayout.h */ = {isa = PBXFileReference; fileEncoding = 4; lastKnownFileType = sourcecode.c.h; path = JRWaterFallLayout.h; sourceTree = "<group>"; };
		8A4960F3268AAAEF00CB02DD /* JRWaterFallLayout.m */ = {isa = PBXFileReference; fileEncoding = 4; lastKnownFileType = sourcecode.c.objc; path = JRWaterFallLayout.m; sourceTree = "<group>"; };
		8A496134268ABBA600CB02DD /* PenguinChaseVideoMessageBtn.h */ = {isa = PBXFileReference; fileEncoding = 4; lastKnownFileType = sourcecode.c.h; path = PenguinChaseVideoMessageBtn.h; sourceTree = "<group>"; };
		8A496135268ABBA600CB02DD /* PenguinChaseVideoMessageBtn.m */ = {isa = PBXFileReference; fileEncoding = 4; lastKnownFileType = sourcecode.c.objc; path = PenguinChaseVideoMessageBtn.m; sourceTree = "<group>"; };
		8A49613D268AC9F100CB02DD /* PenguinChaseHomeTableViewCell.h */ = {isa = PBXFileReference; lastKnownFileType = sourcecode.c.h; path = PenguinChaseHomeTableViewCell.h; sourceTree = "<group>"; };
		8A49613E268AC9F100CB02DD /* PenguinChaseHomeTableViewCell.m */ = {isa = PBXFileReference; lastKnownFileType = sourcecode.c.objc; path = PenguinChaseHomeTableViewCell.m; sourceTree = "<group>"; };
		8A496143268AFAA400CB02DD /* PenguinChaseHomeFooterView.h */ = {isa = PBXFileReference; lastKnownFileType = sourcecode.c.h; path = PenguinChaseHomeFooterView.h; sourceTree = "<group>"; };
		8A496144268AFAA400CB02DD /* PenguinChaseHomeFooterView.m */ = {isa = PBXFileReference; lastKnownFileType = sourcecode.c.objc; path = PenguinChaseHomeFooterView.m; sourceTree = "<group>"; };
		8A496149268B006A00CB02DD /* PenguinChaseHomeCollectionViewCell.h */ = {isa = PBXFileReference; lastKnownFileType = sourcecode.c.h; path = PenguinChaseHomeCollectionViewCell.h; sourceTree = "<group>"; };
		8A49614A268B006A00CB02DD /* PenguinChaseHomeCollectionViewCell.m */ = {isa = PBXFileReference; lastKnownFileType = sourcecode.c.objc; path = PenguinChaseHomeCollectionViewCell.m; sourceTree = "<group>"; };
		8A496152268B177700CB02DD /* PenguinChaseHuatiSearchView.h */ = {isa = PBXFileReference; lastKnownFileType = sourcecode.c.h; path = PenguinChaseHuatiSearchView.h; sourceTree = "<group>"; };
		8A496153268B177700CB02DD /* PenguinChaseHuatiSearchView.m */ = {isa = PBXFileReference; lastKnownFileType = sourcecode.c.objc; path = PenguinChaseHuatiSearchView.m; sourceTree = "<group>"; };
		8A49615B268B1DE500CB02DD /* PenguinHuatileftTableViewCell.h */ = {isa = PBXFileReference; lastKnownFileType = sourcecode.c.h; path = PenguinHuatileftTableViewCell.h; sourceTree = "<group>"; };
		8A49615C268B1DE500CB02DD /* PenguinHuatileftTableViewCell.m */ = {isa = PBXFileReference; lastKnownFileType = sourcecode.c.objc; path = PenguinHuatileftTableViewCell.m; sourceTree = "<group>"; };
		8A496161268B22D500CB02DD /* PenguinHuatiRigthTableViewCell.h */ = {isa = PBXFileReference; lastKnownFileType = sourcecode.c.h; path = PenguinHuatiRigthTableViewCell.h; sourceTree = "<group>"; };
		8A496162268B22D600CB02DD /* PenguinHuatiRigthTableViewCell.m */ = {isa = PBXFileReference; lastKnownFileType = sourcecode.c.objc; path = PenguinHuatiRigthTableViewCell.m; sourceTree = "<group>"; };
		8A5154AE268C0111001F5D52 /* PenguinChaseMessageTableViewCell.h */ = {isa = PBXFileReference; lastKnownFileType = sourcecode.c.h; path = PenguinChaseMessageTableViewCell.h; sourceTree = "<group>"; };
		8A5154AF268C0111001F5D52 /* PenguinChaseMessageTableViewCell.m */ = {isa = PBXFileReference; lastKnownFileType = sourcecode.c.objc; path = PenguinChaseMessageTableViewCell.m; sourceTree = "<group>"; };
		8A5154BD268C3D1A001F5D52 /* PenguinsystemMessageModel.h */ = {isa = PBXFileReference; lastKnownFileType = sourcecode.c.h; path = PenguinsystemMessageModel.h; sourceTree = "<group>"; };
		8A5154BE268C3D1A001F5D52 /* PenguinsystemMessageModel.m */ = {isa = PBXFileReference; lastKnownFileType = sourcecode.c.objc; path = PenguinsystemMessageModel.m; sourceTree = "<group>"; };
		8A5154C3268C4171001F5D52 /* PenguinChasesystemMessageTableViewCell.h */ = {isa = PBXFileReference; lastKnownFileType = sourcecode.c.h; path = PenguinChasesystemMessageTableViewCell.h; sourceTree = "<group>"; };
		8A5154C4268C4171001F5D52 /* PenguinChasesystemMessageTableViewCell.m */ = {isa = PBXFileReference; lastKnownFileType = sourcecode.c.objc; path = PenguinChasesystemMessageTableViewCell.m; sourceTree = "<group>"; };
		8A51554E268C5427001F5D52 /* PenguinChaseHomeNewsViewController.h */ = {isa = PBXFileReference; lastKnownFileType = sourcecode.c.h; path = PenguinChaseHomeNewsViewController.h; sourceTree = "<group>"; };
		8A51554F268C5427001F5D52 /* PenguinChaseHomeNewsViewController.m */ = {isa = PBXFileReference; lastKnownFileType = sourcecode.c.objc; path = PenguinChaseHomeNewsViewController.m; sourceTree = "<group>"; };
		8A515557268C5642001F5D52 /* PenguinChaseNewsTableViewCell.h */ = {isa = PBXFileReference; lastKnownFileType = sourcecode.c.h; path = PenguinChaseNewsTableViewCell.h; sourceTree = "<group>"; };
		8A515558268C5642001F5D52 /* PenguinChaseNewsTableViewCell.m */ = {isa = PBXFileReference; lastKnownFileType = sourcecode.c.objc; path = PenguinChaseNewsTableViewCell.m; sourceTree = "<group>"; };
		8A51555E268C6EB5001F5D52 /* PenguinChaseDongtaiViewController.h */ = {isa = PBXFileReference; lastKnownFileType = sourcecode.c.h; path = PenguinChaseDongtaiViewController.h; sourceTree = "<group>"; };
		8A51555F268C6EB5001F5D52 /* PenguinChaseDongtaiViewController.m */ = {isa = PBXFileReference; lastKnownFileType = sourcecode.c.objc; path = PenguinChaseDongtaiViewController.m; sourceTree = "<group>"; };
		8A59702F26942E43006D3675 /* PenguinChaseSearchingViewController.h */ = {isa = PBXFileReference; lastKnownFileType = sourcecode.c.h; path = PenguinChaseSearchingViewController.h; sourceTree = "<group>"; };
		8A59703026942E43006D3675 /* PenguinChaseSearchingViewController.m */ = {isa = PBXFileReference; lastKnownFileType = sourcecode.c.objc; path = PenguinChaseSearchingViewController.m; sourceTree = "<group>"; };
		8A5970FB26943E95006D3675 /* PenguinCenterBtn.h */ = {isa = PBXFileReference; lastKnownFileType = sourcecode.c.h; path = PenguinCenterBtn.h; sourceTree = "<group>"; };
		8A5970FC26943E95006D3675 /* PenguinCenterBtn.m */ = {isa = PBXFileReference; lastKnownFileType = sourcecode.c.objc; path = PenguinCenterBtn.m; sourceTree = "<group>"; };
		8A59714126944F63006D3675 /* PenguinChaseSugestionViewController.h */ = {isa = PBXFileReference; lastKnownFileType = sourcecode.c.h; path = PenguinChaseSugestionViewController.h; sourceTree = "<group>"; };
		8A59714226944F63006D3675 /* PenguinChaseSugestionViewController.m */ = {isa = PBXFileReference; lastKnownFileType = sourcecode.c.objc; path = PenguinChaseSugestionViewController.m; sourceTree = "<group>"; };
		8A59714726944F95006D3675 /* PenguinChaseAdviceCollectionCell.h */ = {isa = PBXFileReference; fileEncoding = 4; lastKnownFileType = sourcecode.c.h; path = PenguinChaseAdviceCollectionCell.h; sourceTree = "<group>"; };
		8A59714826944F95006D3675 /* PenguinChaseAdviceCollectionCell.m */ = {isa = PBXFileReference; fileEncoding = 4; lastKnownFileType = sourcecode.c.objc; path = PenguinChaseAdviceCollectionCell.m; sourceTree = "<group>"; };
		8A59715126945717006D3675 /* PenguinaboutUsViewController.h */ = {isa = PBXFileReference; lastKnownFileType = sourcecode.c.h; path = PenguinaboutUsViewController.h; sourceTree = "<group>"; };
		8A59715226945717006D3675 /* PenguinaboutUsViewController.m */ = {isa = PBXFileReference; lastKnownFileType = sourcecode.c.objc; path = PenguinaboutUsViewController.m; sourceTree = "<group>"; };
		8A59715A2694574F006D3675 /* PenguinAbout.html */ = {isa = PBXFileReference; fileEncoding = 4; lastKnownFileType = text.html; path = PenguinAbout.html; sourceTree = "<group>"; };
		8A59716326945A64006D3675 /* PenguinChaseMyFallowViewController.h */ = {isa = PBXFileReference; lastKnownFileType = sourcecode.c.h; path = PenguinChaseMyFallowViewController.h; sourceTree = "<group>"; };
		8A59716426945A64006D3675 /* PenguinChaseMyFallowViewController.m */ = {isa = PBXFileReference; lastKnownFileType = sourcecode.c.objc; path = PenguinChaseMyFallowViewController.m; sourceTree = "<group>"; };
		8A59716D26945B39006D3675 /* PengUinChaseWatchedViewController.h */ = {isa = PBXFileReference; lastKnownFileType = sourcecode.c.h; path = PengUinChaseWatchedViewController.h; sourceTree = "<group>"; };
		8A59716E26945B39006D3675 /* PengUinChaseWatchedViewController.m */ = {isa = PBXFileReference; lastKnownFileType = sourcecode.c.objc; path = PengUinChaseWatchedViewController.m; sourceTree = "<group>"; };
		8A59717726945B74006D3675 /* PenguinChase_MySendViewController.h */ = {isa = PBXFileReference; lastKnownFileType = sourcecode.c.h; path = PenguinChase_MySendViewController.h; sourceTree = "<group>"; };
		8A59717826945B74006D3675 /* PenguinChase_MySendViewController.m */ = {isa = PBXFileReference; lastKnownFileType = sourcecode.c.objc; path = PenguinChase_MySendViewController.m; sourceTree = "<group>"; };
		8A59718126945BB6006D3675 /* PenginChaseMyColltecdViewController.h */ = {isa = PBXFileReference; lastKnownFileType = sourcecode.c.h; path = PenginChaseMyColltecdViewController.h; sourceTree = "<group>"; };
		8A59718226945BB6006D3675 /* PenginChaseMyColltecdViewController.m */ = {isa = PBXFileReference; lastKnownFileType = sourcecode.c.objc; path = PenginChaseMyColltecdViewController.m; sourceTree = "<group>"; };
		8A59718B26945BEE006D3675 /* PenguinChase_MyInfoViewController.h */ = {isa = PBXFileReference; lastKnownFileType = sourcecode.c.h; path = PenguinChase_MyInfoViewController.h; sourceTree = "<group>"; };
		8A59718C26945BEE006D3675 /* PenguinChase_MyInfoViewController.m */ = {isa = PBXFileReference; lastKnownFileType = sourcecode.c.objc; path = PenguinChase_MyInfoViewController.m; sourceTree = "<group>"; };
		8A59719426945CB1006D3675 /* PenguinhaseSendZoneCollectionCell.m */ = {isa = PBXFileReference; fileEncoding = 4; lastKnownFileType = sourcecode.c.objc; path = PenguinhaseSendZoneCollectionCell.m; sourceTree = "<group>"; };
		8A59719526945CB1006D3675 /* PenguinhaseSendZoneCollectionCell.h */ = {isa = PBXFileReference; fileEncoding = 4; lastKnownFileType = sourcecode.c.h; path = PenguinhaseSendZoneCollectionCell.h; sourceTree = "<group>"; };
		8A5ABBD42689CC2200DF1108 /* Header.h */ = {isa = PBXFileReference; lastKnownFileType = sourcecode.c.h; path = Header.h; sourceTree = "<group>"; };
		8A5ABBD52689CC3100DF1108 /* PrefixHeader.pch */ = {isa = PBXFileReference; lastKnownFileType = sourcecode.c.h; path = PrefixHeader.pch; sourceTree = "<group>"; };
		8A5ABBE02689CCEF00DF1108 /* UITextField+AddPlaceholder.m */ = {isa = PBXFileReference; fileEncoding = 4; lastKnownFileType = sourcecode.c.objc; path = "UITextField+AddPlaceholder.m"; sourceTree = "<group>"; };
		8A5ABBE12689CCEF00DF1108 /* UIView+shadowPath.m */ = {isa = PBXFileReference; fileEncoding = 4; lastKnownFileType = sourcecode.c.objc; path = "UIView+shadowPath.m"; sourceTree = "<group>"; };
		8A5ABBE22689CCEF00DF1108 /* UIView+ACSLayer.h */ = {isa = PBXFileReference; fileEncoding = 4; lastKnownFileType = sourcecode.c.h; path = "UIView+ACSLayer.h"; sourceTree = "<group>"; };
		8A5ABBE32689CCF000DF1108 /* UITextField+AddPlaceholder.h */ = {isa = PBXFileReference; fileEncoding = 4; lastKnownFileType = sourcecode.c.h; path = "UITextField+AddPlaceholder.h"; sourceTree = "<group>"; };
		8A5ABBE42689CCF000DF1108 /* WWStarView.h */ = {isa = PBXFileReference; fileEncoding = 4; lastKnownFileType = sourcecode.c.h; path = WWStarView.h; sourceTree = "<group>"; };
		8A5ABBE52689CCF000DF1108 /* WWStarView.m */ = {isa = PBXFileReference; fileEncoding = 4; lastKnownFileType = sourcecode.c.objc; path = WWStarView.m; sourceTree = "<group>"; };
		8A5ABBE62689CCF100DF1108 /* UIViewController+IOS13.m */ = {isa = PBXFileReference; fileEncoding = 4; lastKnownFileType = sourcecode.c.objc; path = "UIViewController+IOS13.m"; sourceTree = "<group>"; };
		8A5ABBE72689CCF100DF1108 /* UIView+HZXFrame.h */ = {isa = PBXFileReference; fileEncoding = 4; lastKnownFileType = sourcecode.c.h; path = "UIView+HZXFrame.h"; sourceTree = "<group>"; };
		8A5ABBE82689CCF100DF1108 /* UIView+ACSLayer.m */ = {isa = PBXFileReference; fileEncoding = 4; lastKnownFileType = sourcecode.c.objc; path = "UIView+ACSLayer.m"; sourceTree = "<group>"; };
		8A5ABBE92689CCF200DF1108 /* LMJHorizontalScrollText.m */ = {isa = PBXFileReference; fileEncoding = 4; lastKnownFileType = sourcecode.c.objc; path = LMJHorizontalScrollText.m; sourceTree = "<group>"; };
		8A5ABBEA2689CCF200DF1108 /* UIViewController+IOS13.h */ = {isa = PBXFileReference; fileEncoding = 4; lastKnownFileType = sourcecode.c.h; path = "UIViewController+IOS13.h"; sourceTree = "<group>"; };
		8A5ABBEB2689CCF200DF1108 /* UILabel+CDGPSpaceLb.m */ = {isa = PBXFileReference; fileEncoding = 4; lastKnownFileType = sourcecode.c.objc; path = "UILabel+CDGPSpaceLb.m"; sourceTree = "<group>"; };
		8A5ABBEC2689CCF300DF1108 /* UILabel+CDGPSpaceLb.h */ = {isa = PBXFileReference; fileEncoding = 4; lastKnownFileType = sourcecode.c.h; path = "UILabel+CDGPSpaceLb.h"; sourceTree = "<group>"; };
		8A5ABBED2689CCF300DF1108 /* UIView+HZXFrame.m */ = {isa = PBXFileReference; fileEncoding = 4; lastKnownFileType = sourcecode.c.objc; path = "UIView+HZXFrame.m"; sourceTree = "<group>"; };
		8A5ABBEE2689CCF300DF1108 /* UIView+shadowPath.h */ = {isa = PBXFileReference; fileEncoding = 4; lastKnownFileType = sourcecode.c.h; path = "UIView+shadowPath.h"; sourceTree = "<group>"; };
		8A5ABBEF2689CCF400DF1108 /* LMJHorizontalScrollText.h */ = {isa = PBXFileReference; fileEncoding = 4; lastKnownFileType = sourcecode.c.h; path = LMJHorizontalScrollText.h; sourceTree = "<group>"; };
		8A5ABBFB2689CD6700DF1108 /* UIColor+CHRegex.h */ = {isa = PBXFileReference; fileEncoding = 4; lastKnownFileType = sourcecode.c.h; path = "UIColor+CHRegex.h"; sourceTree = "<group>"; };
		8A5ABBFC2689CD6800DF1108 /* UIColor+CHRegex.m */ = {isa = PBXFileReference; fileEncoding = 4; lastKnownFileType = sourcecode.c.objc; path = "UIColor+CHRegex.m"; sourceTree = "<group>"; };
		8A5ABC082689CE6900DF1108 /* PenguinChase_BaseTabbarViewController.h */ = {isa = PBXFileReference; lastKnownFileType = sourcecode.c.h; path = PenguinChase_BaseTabbarViewController.h; sourceTree = "<group>"; };
		8A5ABC092689CE6900DF1108 /* PenguinChase_BaseTabbarViewController.m */ = {isa = PBXFileReference; lastKnownFileType = sourcecode.c.objc; path = PenguinChase_BaseTabbarViewController.m; sourceTree = "<group>"; };
		8A5ABC112689CEA300DF1108 /* PenguinChase_BaseViewController.h */ = {isa = PBXFileReference; lastKnownFileType = sourcecode.c.h; path = PenguinChase_BaseViewController.h; sourceTree = "<group>"; };
		8A5ABC122689CEA300DF1108 /* PenguinChase_BaseViewController.m */ = {isa = PBXFileReference; lastKnownFileType = sourcecode.c.objc; path = PenguinChase_BaseViewController.m; sourceTree = "<group>"; };
		8A5ABC172689CEC300DF1108 /* PenguinChaseListViewController.h */ = {isa = PBXFileReference; lastKnownFileType = sourcecode.c.h; path = PenguinChaseListViewController.h; sourceTree = "<group>"; };
		8A5ABC182689CEC300DF1108 /* PenguinChaseListViewController.m */ = {isa = PBXFileReference; lastKnownFileType = sourcecode.c.objc; path = PenguinChaseListViewController.m; sourceTree = "<group>"; };
		8A5ABC1D2689CEE100DF1108 /* PenguinChaseBaseTableViewCell.h */ = {isa = PBXFileReference; lastKnownFileType = sourcecode.c.h; path = PenguinChaseBaseTableViewCell.h; sourceTree = "<group>"; };
		8A5ABC1E2689CEE100DF1108 /* PenguinChaseBaseTableViewCell.m */ = {isa = PBXFileReference; lastKnownFileType = sourcecode.c.objc; path = PenguinChaseBaseTableViewCell.m; sourceTree = "<group>"; };
		8A5ABC232689CF3B00DF1108 /* PenguinChaseBaseCollectionViewCell.h */ = {isa = PBXFileReference; lastKnownFileType = sourcecode.c.h; path = PenguinChaseBaseCollectionViewCell.h; sourceTree = "<group>"; };
		8A5ABC242689CF3B00DF1108 /* PenguinChaseBaseCollectionViewCell.m */ = {isa = PBXFileReference; lastKnownFileType = sourcecode.c.objc; path = PenguinChaseBaseCollectionViewCell.m; sourceTree = "<group>"; };
		8A5ABC292689D12200DF1108 /* CHTabBar.h */ = {isa = PBXFileReference; fileEncoding = 4; lastKnownFileType = sourcecode.c.h; path = CHTabBar.h; sourceTree = "<group>"; };
		8A5ABC2A2689D12300DF1108 /* CHTabBar.m */ = {isa = PBXFileReference; fileEncoding = 4; lastKnownFileType = sourcecode.c.objc; path = CHTabBar.m; sourceTree = "<group>"; };
		8A5ABC2F2689D13A00DF1108 /* CoreAnimationEffect.h */ = {isa = PBXFileReference; fileEncoding = 4; lastKnownFileType = sourcecode.c.h; path = CoreAnimationEffect.h; sourceTree = "<group>"; };
		8A5ABC302689D13A00DF1108 /* CoreAnimationEffect.m */ = {isa = PBXFileReference; fileEncoding = 4; lastKnownFileType = sourcecode.c.objc; path = CoreAnimationEffect.m; sourceTree = "<group>"; };
		8A5ABC352689D16C00DF1108 /* PenguinChaseHomeViewController.h */ = {isa = PBXFileReference; lastKnownFileType = sourcecode.c.h; path = PenguinChaseHomeViewController.h; sourceTree = "<group>"; };
		8A5ABC362689D16C00DF1108 /* PenguinChaseHomeViewController.m */ = {isa = PBXFileReference; lastKnownFileType = sourcecode.c.objc; path = PenguinChaseHomeViewController.m; sourceTree = "<group>"; };
		8A5ABC3B2689D18600DF1108 /* PenguinChaseHuatiViewController.h */ = {isa = PBXFileReference; lastKnownFileType = sourcecode.c.h; path = PenguinChaseHuatiViewController.h; sourceTree = "<group>"; };
		8A5ABC3C2689D18600DF1108 /* PenguinChaseHuatiViewController.m */ = {isa = PBXFileReference; lastKnownFileType = sourcecode.c.objc; path = PenguinChaseHuatiViewController.m; sourceTree = "<group>"; };
		8A5ABC412689D1CF00DF1108 /* PenguinChaseMessageViewController.h */ = {isa = PBXFileReference; lastKnownFileType = sourcecode.c.h; path = PenguinChaseMessageViewController.h; sourceTree = "<group>"; };
		8A5ABC422689D1CF00DF1108 /* PenguinChaseMessageViewController.m */ = {isa = PBXFileReference; lastKnownFileType = sourcecode.c.objc; path = PenguinChaseMessageViewController.m; sourceTree = "<group>"; };
		8A5ABC4A2689D1F500DF1108 /* PenguinChaseCenterViewController.h */ = {isa = PBXFileReference; lastKnownFileType = sourcecode.c.h; path = PenguinChaseCenterViewController.h; sourceTree = "<group>"; };
		8A5ABC4B2689D1F500DF1108 /* PenguinChaseCenterViewController.m */ = {isa = PBXFileReference; lastKnownFileType = sourcecode.c.objc; path = PenguinChaseCenterViewController.m; sourceTree = "<group>"; };
		8A5ABC502689D22000DF1108 /* PenguinChaseFabuViewController.h */ = {isa = PBXFileReference; lastKnownFileType = sourcecode.c.h; path = PenguinChaseFabuViewController.h; sourceTree = "<group>"; };
		8A5ABC512689D22000DF1108 /* PenguinChaseFabuViewController.m */ = {isa = PBXFileReference; lastKnownFileType = sourcecode.c.objc; path = PenguinChaseFabuViewController.m; sourceTree = "<group>"; };
		8A5ABC5A2689D23E00DF1108 /* PenguinChaseLoginViewController.h */ = {isa = PBXFileReference; lastKnownFileType = sourcecode.c.h; path = PenguinChaseLoginViewController.h; sourceTree = "<group>"; };
		8A5ABC5B2689D23E00DF1108 /* PenguinChaseLoginViewController.m */ = {isa = PBXFileReference; lastKnownFileType = sourcecode.c.objc; path = PenguinChaseLoginViewController.m; sourceTree = "<group>"; };
		8A5ABC642689D26B00DF1108 /* PenguinChaseLoginTool.h */ = {isa = PBXFileReference; lastKnownFileType = sourcecode.c.h; path = PenguinChaseLoginTool.h; sourceTree = "<group>"; };
		8A5ABC652689D26B00DF1108 /* PenguinChaseLoginTool.m */ = {isa = PBXFileReference; lastKnownFileType = sourcecode.c.objc; path = PenguinChaseLoginTool.m; sourceTree = "<group>"; };
		8A5ABC6D2689D2BE00DF1108 /* NSString+CHRegex.h */ = {isa = PBXFileReference; fileEncoding = 4; lastKnownFileType = sourcecode.c.h; path = "NSString+CHRegex.h"; sourceTree = "<group>"; };
		8A5ABC6E2689D2BF00DF1108 /* NSString+CHRegex.m */ = {isa = PBXFileReference; fileEncoding = 4; lastKnownFileType = sourcecode.c.objc; path = "NSString+CHRegex.m"; sourceTree = "<group>"; };
		8A7190A326929539004F4953 /* PenguinCase_GoodVideoHeaderView.h */ = {isa = PBXFileReference; lastKnownFileType = sourcecode.c.h; path = PenguinCase_GoodVideoHeaderView.h; sourceTree = "<group>"; };
		8A7190A426929539004F4953 /* PenguinCase_GoodVideoHeaderView.m */ = {isa = PBXFileReference; lastKnownFileType = sourcecode.c.objc; path = PenguinCase_GoodVideoHeaderView.m; sourceTree = "<group>"; };
		8A7190AC2692AFAF004F4953 /* PenguinChaseDongtaiTableViewCell.h */ = {isa = PBXFileReference; lastKnownFileType = sourcecode.c.h; path = PenguinChaseDongtaiTableViewCell.h; sourceTree = "<group>"; };
		8A7190AD2692AFAF004F4953 /* PenguinChaseDongtaiTableViewCell.m */ = {isa = PBXFileReference; lastKnownFileType = sourcecode.c.objc; path = PenguinChaseDongtaiTableViewCell.m; sourceTree = "<group>"; };
		8A7190B22692DAF6004F4953 /* PenguinChaseDongtaiCollectionViewCell.h */ = {isa = PBXFileReference; lastKnownFileType = sourcecode.c.h; path = PenguinChaseDongtaiCollectionViewCell.h; sourceTree = "<group>"; };
		8A7190B32692DAF6004F4953 /* PenguinChaseDongtaiCollectionViewCell.m */ = {isa = PBXFileReference; lastKnownFileType = sourcecode.c.objc; path = PenguinChaseDongtaiCollectionViewCell.m; sourceTree = "<group>"; };
		8A7190B82692DCBD004F4953 /* PenguinChaseDongtaiBtn.h */ = {isa = PBXFileReference; lastKnownFileType = sourcecode.c.h; path = PenguinChaseDongtaiBtn.h; sourceTree = "<group>"; };
		8A7190B92692DCBD004F4953 /* PenguinChaseDongtaiBtn.m */ = {isa = PBXFileReference; lastKnownFileType = sourcecode.c.objc; path = PenguinChaseDongtaiBtn.m; sourceTree = "<group>"; };
		8A7190BF2692E088004F4953 /* PenguinChaseComentListViewController.h */ = {isa = PBXFileReference; lastKnownFileType = sourcecode.c.h; path = PenguinChaseComentListViewController.h; sourceTree = "<group>"; };
		8A7190C02692E088004F4953 /* PenguinChaseComentListViewController.m */ = {isa = PBXFileReference; lastKnownFileType = sourcecode.c.objc; path = PenguinChaseComentListViewController.m; sourceTree = "<group>"; };
		8A7190C82692E1BC004F4953 /* PenguinChaseComentListTableViewCell.h */ = {isa = PBXFileReference; lastKnownFileType = sourcecode.c.h; path = PenguinChaseComentListTableViewCell.h; sourceTree = "<group>"; };
		8A7190C92692E1BC004F4953 /* PenguinChaseComentListTableViewCell.m */ = {isa = PBXFileReference; lastKnownFileType = sourcecode.c.objc; path = PenguinChaseComentListTableViewCell.m; sourceTree = "<group>"; };
		8A7190CF2692F98C004F4953 /* PenguinChaseJubaoLitsViewController.h */ = {isa = PBXFileReference; fileEncoding = 4; lastKnownFileType = sourcecode.c.h; path = PenguinChaseJubaoLitsViewController.h; sourceTree = "<group>"; };
		8A7190D02692F98C004F4953 /* PenguinChaseJubaoVideoWarningModel.h */ = {isa = PBXFileReference; fileEncoding = 4; lastKnownFileType = sourcecode.c.h; path = PenguinChaseJubaoVideoWarningModel.h; sourceTree = "<group>"; };
		8A7190D12692F98C004F4953 /* PenguinChaseJubaoVideoWarningModel.m */ = {isa = PBXFileReference; fileEncoding = 4; lastKnownFileType = sourcecode.c.objc; path = PenguinChaseJubaoVideoWarningModel.m; sourceTree = "<group>"; };
		8A7190D22692F98C004F4953 /* PenguinChaseJubaoLitsViewController.m */ = {isa = PBXFileReference; fileEncoding = 4; lastKnownFileType = sourcecode.c.objc; path = PenguinChaseJubaoLitsViewController.m; sourceTree = "<group>"; };
		8A7190D32692F98C004F4953 /* PenguinChaseVideowarningTabeCell.m */ = {isa = PBXFileReference; fileEncoding = 4; lastKnownFileType = sourcecode.c.objc; path = PenguinChaseVideowarningTabeCell.m; sourceTree = "<group>"; };
		8A7190D42692F98D004F4953 /* PenguinChaseVideowarningTabeCell.h */ = {isa = PBXFileReference; fileEncoding = 4; lastKnownFileType = sourcecode.c.h; path = PenguinChaseVideowarningTabeCell.h; sourceTree = "<group>"; };
		8A71911A2693008A004F4953 /* PenguinChaseZanComentViewController.h */ = {isa = PBXFileReference; lastKnownFileType = sourcecode.c.h; path = PenguinChaseZanComentViewController.h; sourceTree = "<group>"; };
		8A71911B2693008A004F4953 /* PenguinChaseZanComentViewController.m */ = {isa = PBXFileReference; lastKnownFileType = sourcecode.c.objc; path = PenguinChaseZanComentViewController.m; sourceTree = "<group>"; };
		8A7191282693037A004F4953 /* PenguinChaseVideoNotiCationTableViewCell.m */ = {isa = PBXFileReference; fileEncoding = 4; lastKnownFileType = sourcecode.c.objc; path = PenguinChaseVideoNotiCationTableViewCell.m; sourceTree = "<group>"; };
		8A7191292693037A004F4953 /* PenguinChaseNotifiCationDetailViewController.h */ = {isa = PBXFileReference; fileEncoding = 4; lastKnownFileType = sourcecode.c.h; path = PenguinChaseNotifiCationDetailViewController.h; sourceTree = "<group>"; };
		8A71912A2693037A004F4953 /* PenguinChaseVideoNotiCationTableViewCell.h */ = {isa = PBXFileReference; fileEncoding = 4; lastKnownFileType = sourcecode.c.h; path = PenguinChaseVideoNotiCationTableViewCell.h; sourceTree = "<group>"; };
		8A71912B2693037A004F4953 /* PenguinChaseNotifiCationDetailViewController.m */ = {isa = PBXFileReference; fileEncoding = 4; lastKnownFileType = sourcecode.c.objc; path = PenguinChaseNotifiCationDetailViewController.m; sourceTree = "<group>"; };
		8A71912C2693037B004F4953 /* PenguinChaseNotificationViewController.h */ = {isa = PBXFileReference; fileEncoding = 4; lastKnownFileType = sourcecode.c.h; path = PenguinChaseNotificationViewController.h; sourceTree = "<group>"; };
		8A71912D2693037B004F4953 /* PenguinChaseNotificationViewController.m */ = {isa = PBXFileReference; fileEncoding = 4; lastKnownFileType = sourcecode.c.objc; path = PenguinChaseNotificationViewController.m; sourceTree = "<group>"; };
		8A71913D26930681004F4953 /* PenguinCenterListTableViewCell.h */ = {isa = PBXFileReference; lastKnownFileType = sourcecode.c.h; path = PenguinCenterListTableViewCell.h; sourceTree = "<group>"; };
		8A71913E26930681004F4953 /* PenguinCenterListTableViewCell.m */ = {isa = PBXFileReference; lastKnownFileType = sourcecode.c.objc; path = PenguinCenterListTableViewCell.m; sourceTree = "<group>"; };
		8A719143269306A7004F4953 /* PenguinCenterHeaderView.h */ = {isa = PBXFileReference; lastKnownFileType = sourcecode.c.h; path = PenguinCenterHeaderView.h; sourceTree = "<group>"; };
		8A719144269306A7004F4953 /* PenguinCenterHeaderView.m */ = {isa = PBXFileReference; lastKnownFileType = sourcecode.c.objc; path = PenguinCenterHeaderView.m; sourceTree = "<group>"; };
		C308773FEE156DB137E3421E /* Pods-PenguinChase.release.xcconfig */ = {isa = PBXFileReference; includeInIndex = 1; lastKnownFileType = text.xcconfig; name = "Pods-PenguinChase.release.xcconfig"; path = "Target Support Files/Pods-PenguinChase/Pods-PenguinChase.release.xcconfig"; sourceTree = "<group>"; };
/* End PBXFileReference section */

/* Begin PBXFrameworksBuildPhase section */
		8A32A66326845F480089F8BC /* Frameworks */ = {
			isa = PBXFrameworksBuildPhase;
			buildActionMask = 2147483647;
			files = (
				F5801DF0489BDCA8E8128039 /* Pods_PenguinChase.framework in Frameworks */,
			);
			runOnlyForDeploymentPostprocessing = 0;
		};
		8A32A67E26845F4A0089F8BC /* Frameworks */ = {
			isa = PBXFrameworksBuildPhase;
			buildActionMask = 2147483647;
			files = (
			);
			runOnlyForDeploymentPostprocessing = 0;
		};
		8A32A68926845F4A0089F8BC /* Frameworks */ = {
			isa = PBXFrameworksBuildPhase;
			buildActionMask = 2147483647;
			files = (
			);
			runOnlyForDeploymentPostprocessing = 0;
		};
/* End PBXFrameworksBuildPhase section */

/* Begin PBXGroup section */
		4A255630268FF6B500033DFD /* PenguinChase_VideoDetail */ = {
			isa = PBXGroup;
			children = (
				4A255631268FF6E500033DFD /* PenguinChaseVideoDetailViewController.h */,
				4A255632268FF6E500033DFD /* PenguinChaseVideoDetailViewController.m */,
				4A255634268FF78600033DFD /* PenguinChaseVideoDetailHeader.h */,
				4A255635268FF78600033DFD /* PenguinChaseVideoDetailHeader.m */,
				4A2556372690039500033DFD /* PenguinChaseVideodetailCollectionViewCell.h */,
				4A2556382690039500033DFD /* PenguinChaseVideodetailCollectionViewCell.m */,
				4A25563A26900B0200033DFD /* PenginChaseVideoDetailTableViewCell.h */,
				4A25563B26900B0200033DFD /* PenginChaseVideoDetailTableViewCell.m */,
			);
			path = PenguinChase_VideoDetail;
			sourceTree = "<group>";
		};
		4A25563E26900CD600033DFD /* PenguinChase_kefu */ = {
			isa = PBXGroup;
			children = (
				4A25563F26900CF300033DFD /* PenguinChaseKefuViewController.h */,
				4A25564026900CF300033DFD /* PenguinChaseKefuViewController.m */,
				4A25564426900D6000033DFD /* CarpVideoKefuModel.h */,
				4A25564326900D6000033DFD /* CarpVideoKefuModel.m */,
				4A25564226900D6000033DFD /* CarpVideoKefuTableViewCell.h */,
				4A25564526900D6000033DFD /* CarpVideoKefuTableViewCell.m */,
			);
			path = PenguinChase_kefu;
			sourceTree = "<group>";
		};
		4A2556482690214800033DFD /* PenginChase_Bangdan */ = {
			isa = PBXGroup;
			children = (
				4A2556492690215B00033DFD /* PenguinChaseBangdanViewController.h */,
				4A25564A2690215B00033DFD /* PenguinChaseBangdanViewController.m */,
				4A25564C2690233700033DFD /* PenguinChaseBangdanTableViewCell.h */,
				4A25564D2690233700033DFD /* PenguinChaseBangdanTableViewCell.m */,
				4A25564F2690460A00033DFD /* PenguinChaseWantBtn.h */,
				4A2556502690460A00033DFD /* PenguinChaseWantBtn.m */,
			);
			path = PenginChase_Bangdan;
			sourceTree = "<group>";
		};
		4A25565226904E2100033DFD /* PenguinChase_GoodVideo */ = {
			isa = PBXGroup;
			children = (
				4A25565326904E4A00033DFD /* PenguinGoodVideoViewController.h */,
				4A25565426904E4A00033DFD /* PenguinGoodVideoViewController.m */,
			);
			path = PenguinChase_GoodVideo;
			sourceTree = "<group>";
		};
		55636E24B4222819CDD2F629 /* Frameworks */ = {
			isa = PBXGroup;
			children = (
				58ED390224B19FE7011F7049 /* Pods_PenguinChase.framework */,
			);
			name = Frameworks;
			sourceTree = "<group>";
		};
		8A32A65D26845F480089F8BC = {
			isa = PBXGroup;
			children = (
				8A32A66826845F480089F8BC /* PenguinChase */,
				8A32A68426845F4A0089F8BC /* PenguinChaseTests */,
				8A32A68F26845F4A0089F8BC /* PenguinChaseUITests */,
				8A32A66726845F480089F8BC /* Products */,
				C67917E0447A3906BEF8CFF5 /* Pods */,
				55636E24B4222819CDD2F629 /* Frameworks */,
			);
			sourceTree = "<group>";
		};
		8A32A66726845F480089F8BC /* Products */ = {
			isa = PBXGroup;
			children = (
				8A32A66626845F480089F8BC /* PenguinChase.app */,
				8A32A68126845F4A0089F8BC /* PenguinChaseTests.xctest */,
				8A32A68C26845F4A0089F8BC /* PenguinChaseUITests.xctest */,
			);
			name = Products;
			sourceTree = "<group>";
		};
		8A32A66826845F480089F8BC /* PenguinChase */ = {
			isa = PBXGroup;
			children = (
				8A5ABC012689CDC400DF1108 /* PenguinChase_Vcs */,
				8A5ABBDC2689CC8D00DF1108 /* PenguinChase_untils */,
				8A32A66926845F480089F8BC /* AppDelegate.h */,
				8A32A66A26845F480089F8BC /* AppDelegate.m */,
				8A32A66F26845F480089F8BC /* ViewController.h */,
				8A32A67026845F480089F8BC /* ViewController.m */,
				8A5ABBD42689CC2200DF1108 /* Header.h */,
				8A5ABBD52689CC3100DF1108 /* PrefixHeader.pch */,
				8A32A67226845F480089F8BC /* Main.storyboard */,
				8A32A67526845F4A0089F8BC /* Assets.xcassets */,
				8A32A67726845F4A0089F8BC /* LaunchScreen.storyboard */,
				8A32A67A26845F4A0089F8BC /* Info.plist */,
				8A32A67B26845F4A0089F8BC /* main.m */,
			);
			path = PenguinChase;
			sourceTree = "<group>";
		};
		8A32A68426845F4A0089F8BC /* PenguinChaseTests */ = {
			isa = PBXGroup;
			children = (
				8A32A68526845F4A0089F8BC /* PenguinChaseTests.m */,
				8A32A68726845F4A0089F8BC /* Info.plist */,
			);
			path = PenguinChaseTests;
			sourceTree = "<group>";
		};
		8A32A68F26845F4A0089F8BC /* PenguinChaseUITests */ = {
			isa = PBXGroup;
			children = (
				8A32A69026845F4A0089F8BC /* PenguinChaseUITests.m */,
				8A32A69226845F4A0089F8BC /* Info.plist */,
			);
			path = PenguinChaseUITests;
			sourceTree = "<group>";
		};
		8A51554D268C53CA001F5D52 /* PenguinChase_News */ = {
			isa = PBXGroup;
			children = (
				8A51554E268C5427001F5D52 /* PenguinChaseHomeNewsViewController.h */,
				8A51554F268C5427001F5D52 /* PenguinChaseHomeNewsViewController.m */,
				8A515557268C5642001F5D52 /* PenguinChaseNewsTableViewCell.h */,
				8A515558268C5642001F5D52 /* PenguinChaseNewsTableViewCell.m */,
			);
			path = PenguinChase_News;
			sourceTree = "<group>";
		};
		8A51555D268C6E70001F5D52 /* PenguinChae_Dongtai */ = {
			isa = PBXGroup;
			children = (
				8A71911926930061004F4953 /* PenguinCase_ZanAndComent */,
				8A7190CE2692F887004F4953 /* PenguinCase_JubaoList */,
				8A7190BE2692E05F004F4953 /* PenguinCase_ComentList */,
				8A7190A326929539004F4953 /* PenguinCase_GoodVideoHeaderView.h */,
				8A7190A426929539004F4953 /* PenguinCase_GoodVideoHeaderView.m */,
				8A51555E268C6EB5001F5D52 /* PenguinChaseDongtaiViewController.h */,
				8A51555F268C6EB5001F5D52 /* PenguinChaseDongtaiViewController.m */,
				8A7190AC2692AFAF004F4953 /* PenguinChaseDongtaiTableViewCell.h */,
				8A7190AD2692AFAF004F4953 /* PenguinChaseDongtaiTableViewCell.m */,
				8A7190B22692DAF6004F4953 /* PenguinChaseDongtaiCollectionViewCell.h */,
				8A7190B32692DAF6004F4953 /* PenguinChaseDongtaiCollectionViewCell.m */,
				8A7190B82692DCBD004F4953 /* PenguinChaseDongtaiBtn.h */,
				8A7190B92692DCBD004F4953 /* PenguinChaseDongtaiBtn.m */,
			);
			path = PenguinChae_Dongtai;
			sourceTree = "<group>";
		};
		8A59702E26942E2D006D3675 /* PenguinChase_search */ = {
			isa = PBXGroup;
			children = (
				8A59702F26942E43006D3675 /* PenguinChaseSearchingViewController.h */,
				8A59703026942E43006D3675 /* PenguinChaseSearchingViewController.m */,
			);
			path = PenguinChase_search;
			sourceTree = "<group>";
		};
		8A59714026944F16006D3675 /* PenguinChase_SugestionVc */ = {
			isa = PBXGroup;
			children = (
				8A59714126944F63006D3675 /* PenguinChaseSugestionViewController.h */,
				8A59714226944F63006D3675 /* PenguinChaseSugestionViewController.m */,
				8A59714726944F95006D3675 /* PenguinChaseAdviceCollectionCell.h */,
				8A59714826944F95006D3675 /* PenguinChaseAdviceCollectionCell.m */,
			);
			path = PenguinChase_SugestionVc;
			sourceTree = "<group>";
		};
		8A59715026945708006D3675 /* PenguinChase_aboutus */ = {
			isa = PBXGroup;
			children = (
				8A59715126945717006D3675 /* PenguinaboutUsViewController.h */,
				8A59715226945717006D3675 /* PenguinaboutUsViewController.m */,
				8A59715A2694574F006D3675 /* PenguinAbout.html */,
			);
			path = PenguinChase_aboutus;
			sourceTree = "<group>";
		};
		8A59716226945A4A006D3675 /* PenguinChase_MyFaloow */ = {
			isa = PBXGroup;
			children = (
				8A59716326945A64006D3675 /* PenguinChaseMyFallowViewController.h */,
				8A59716426945A64006D3675 /* PenguinChaseMyFallowViewController.m */,
			);
			path = PenguinChase_MyFaloow;
			sourceTree = "<group>";
		};
		8A59716C26945B29006D3675 /* PenguinChase_Watched */ = {
			isa = PBXGroup;
			children = (
				8A59716D26945B39006D3675 /* PengUinChaseWatchedViewController.h */,
				8A59716E26945B39006D3675 /* PengUinChaseWatchedViewController.m */,
			);
			path = PenguinChase_Watched;
			sourceTree = "<group>";
		};
		8A59717626945B69006D3675 /* PenguinChase_Send */ = {
			isa = PBXGroup;
			children = (
				8A59717726945B74006D3675 /* PenguinChase_MySendViewController.h */,
				8A59717826945B74006D3675 /* PenguinChase_MySendViewController.m */,
			);
			path = PenguinChase_Send;
			sourceTree = "<group>";
		};
		8A59718026945BA6006D3675 /* PenguinChase_Mycolltecd */ = {
			isa = PBXGroup;
			children = (
				8A59718126945BB6006D3675 /* PenginChaseMyColltecdViewController.h */,
				8A59718226945BB6006D3675 /* PenginChaseMyColltecdViewController.m */,
			);
			path = PenguinChase_Mycolltecd;
			sourceTree = "<group>";
		};
		8A59718A26945BDF006D3675 /* PenguinChase_info */ = {
			isa = PBXGroup;
			children = (
				8A59718B26945BEE006D3675 /* PenguinChase_MyInfoViewController.h */,
				8A59718C26945BEE006D3675 /* PenguinChase_MyInfoViewController.m */,
			);
			path = PenguinChase_info;
			sourceTree = "<group>";
		};
		8A5ABBDC2689CC8D00DF1108 /* PenguinChase_untils */ = {
			isa = PBXGroup;
			children = (
				8A4960F2268AAAEF00CB02DD /* JRWaterFallLayout.h */,
				8A4960F3268AAAEF00CB02DD /* JRWaterFallLayout.m */,
				8A5ABC6D2689D2BE00DF1108 /* NSString+CHRegex.h */,
				8A5ABC6E2689D2BF00DF1108 /* NSString+CHRegex.m */,
				8A5ABC2F2689D13A00DF1108 /* CoreAnimationEffect.h */,
				8A5ABC302689D13A00DF1108 /* CoreAnimationEffect.m */,
				8A5ABC292689D12200DF1108 /* CHTabBar.h */,
				8A5ABC2A2689D12300DF1108 /* CHTabBar.m */,
				8A5ABBFB2689CD6700DF1108 /* UIColor+CHRegex.h */,
				8A5ABBFC2689CD6800DF1108 /* UIColor+CHRegex.m */,
				8A5ABBEF2689CCF400DF1108 /* LMJHorizontalScrollText.h */,
				8A5ABBE92689CCF200DF1108 /* LMJHorizontalScrollText.m */,
				8A5ABBEC2689CCF300DF1108 /* UILabel+CDGPSpaceLb.h */,
				8A5ABBEB2689CCF200DF1108 /* UILabel+CDGPSpaceLb.m */,
				8A5ABBE32689CCF000DF1108 /* UITextField+AddPlaceholder.h */,
				8A5ABBE02689CCEF00DF1108 /* UITextField+AddPlaceholder.m */,
				8A5ABBE22689CCEF00DF1108 /* UIView+ACSLayer.h */,
				8A5ABBE82689CCF100DF1108 /* UIView+ACSLayer.m */,
				8A5ABBE72689CCF100DF1108 /* UIView+HZXFrame.h */,
				8A5ABBED2689CCF300DF1108 /* UIView+HZXFrame.m */,
				8A5ABBEE2689CCF300DF1108 /* UIView+shadowPath.h */,
				8A5ABBE12689CCEF00DF1108 /* UIView+shadowPath.m */,
				8A5ABBEA2689CCF200DF1108 /* UIViewController+IOS13.h */,
				8A5ABBE62689CCF100DF1108 /* UIViewController+IOS13.m */,
				8A5ABBE42689CCF000DF1108 /* WWStarView.h */,
				8A5ABBE52689CCF000DF1108 /* WWStarView.m */,
			);
			path = PenguinChase_untils;
			sourceTree = "<group>";
		};
		8A5ABC012689CDC400DF1108 /* PenguinChase_Vcs */ = {
			isa = PBXGroup;
			children = (
				4A255630268FF6B500033DFD /* PenguinChase_VideoDetail */,
				8A5ABC632689D25700DF1108 /* PenguinChase_LoginModel */,
				8A5ABC592689D23100DF1108 /* PenguinChase_Login */,
				8A5ABC072689CE2000DF1108 /* PenguunChase_Base */,
				8A5ABC062689CE1500DF1108 /* PenguinChase_center */,
				8A5ABC052689CE0600DF1108 /* PenguinChase_fabu */,
				8A5ABC042689CDF800DF1108 /* PenguinChase_msg */,
				8A5ABC032689CDE100DF1108 /* PenguinChase_huati */,
				8A5ABC022689CDD500DF1108 /* PenguinChase_hom */,
			);
			path = PenguinChase_Vcs;
			sourceTree = "<group>";
		};
		8A5ABC022689CDD500DF1108 /* PenguinChase_hom */ = {
			isa = PBXGroup;
			children = (
				8A59702E26942E2D006D3675 /* PenguinChase_search */,
				4A25565226904E2100033DFD /* PenguinChase_GoodVideo */,
				4A2556482690214800033DFD /* PenginChase_Bangdan */,
				4A25563E26900CD600033DFD /* PenguinChase_kefu */,
				8A51555D268C6E70001F5D52 /* PenguinChae_Dongtai */,
				8A51554D268C53CA001F5D52 /* PenguinChase_News */,
				8A5ABC352689D16C00DF1108 /* PenguinChaseHomeViewController.h */,
				8A5ABC362689D16C00DF1108 /* PenguinChaseHomeViewController.m */,
				8A4960EC268AA91400CB02DD /* PenguinChaseHomHeaderView.h */,
				8A4960ED268AA91400CB02DD /* PenguinChaseHomHeaderView.m */,
				8A496143268AFAA400CB02DD /* PenguinChaseHomeFooterView.h */,
				8A496144268AFAA400CB02DD /* PenguinChaseHomeFooterView.m */,
				8A496134268ABBA600CB02DD /* PenguinChaseVideoMessageBtn.h */,
				8A496135268ABBA600CB02DD /* PenguinChaseVideoMessageBtn.m */,
				8A49613D268AC9F100CB02DD /* PenguinChaseHomeTableViewCell.h */,
				8A49613E268AC9F100CB02DD /* PenguinChaseHomeTableViewCell.m */,
				8A496149268B006A00CB02DD /* PenguinChaseHomeCollectionViewCell.h */,
				8A49614A268B006A00CB02DD /* PenguinChaseHomeCollectionViewCell.m */,
			);
			path = PenguinChase_hom;
			sourceTree = "<group>";
		};
		8A5ABC032689CDE100DF1108 /* PenguinChase_huati */ = {
			isa = PBXGroup;
			children = (
				8A5ABC3B2689D18600DF1108 /* PenguinChaseHuatiViewController.h */,
				8A5ABC3C2689D18600DF1108 /* PenguinChaseHuatiViewController.m */,
				8A496152268B177700CB02DD /* PenguinChaseHuatiSearchView.h */,
				8A496153268B177700CB02DD /* PenguinChaseHuatiSearchView.m */,
				8A49615B268B1DE500CB02DD /* PenguinHuatileftTableViewCell.h */,
				8A49615C268B1DE500CB02DD /* PenguinHuatileftTableViewCell.m */,
				8A496161268B22D500CB02DD /* PenguinHuatiRigthTableViewCell.h */,
				8A496162268B22D600CB02DD /* PenguinHuatiRigthTableViewCell.m */,
			);
			path = PenguinChase_huati;
			sourceTree = "<group>";
		};
		8A5ABC042689CDF800DF1108 /* PenguinChase_msg */ = {
			isa = PBXGroup;
			children = (
				8A7191272693036C004F4953 /* PenguinChase_systemMessage */,
				8A5ABC412689D1CF00DF1108 /* PenguinChaseMessageViewController.h */,
				8A5ABC422689D1CF00DF1108 /* PenguinChaseMessageViewController.m */,
				8A5154AE268C0111001F5D52 /* PenguinChaseMessageTableViewCell.h */,
				8A5154AF268C0111001F5D52 /* PenguinChaseMessageTableViewCell.m */,
				8A5154C3268C4171001F5D52 /* PenguinChasesystemMessageTableViewCell.h */,
				8A5154C4268C4171001F5D52 /* PenguinChasesystemMessageTableViewCell.m */,
				8A5154BD268C3D1A001F5D52 /* PenguinsystemMessageModel.h */,
				8A5154BE268C3D1A001F5D52 /* PenguinsystemMessageModel.m */,
			);
			path = PenguinChase_msg;
			sourceTree = "<group>";
		};
		8A5ABC052689CE0600DF1108 /* PenguinChase_fabu */ = {
			isa = PBXGroup;
			children = (
				8A5ABC502689D22000DF1108 /* PenguinChaseFabuViewController.h */,
				8A5ABC512689D22000DF1108 /* PenguinChaseFabuViewController.m */,
				8A59719526945CB1006D3675 /* PenguinhaseSendZoneCollectionCell.h */,
				8A59719426945CB1006D3675 /* PenguinhaseSendZoneCollectionCell.m */,
			);
			path = PenguinChase_fabu;
			sourceTree = "<group>";
		};
		8A5ABC062689CE1500DF1108 /* PenguinChase_center */ = {
			isa = PBXGroup;
			children = (
				8A59718A26945BDF006D3675 /* PenguinChase_info */,
				8A59718026945BA6006D3675 /* PenguinChase_Mycolltecd */,
				8A59717626945B69006D3675 /* PenguinChase_Send */,
				8A59716C26945B29006D3675 /* PenguinChase_Watched */,
				8A59716226945A4A006D3675 /* PenguinChase_MyFaloow */,
				8A59715026945708006D3675 /* PenguinChase_aboutus */,
				8A59714026944F16006D3675 /* PenguinChase_SugestionVc */,
				8A5ABC4A2689D1F500DF1108 /* PenguinChaseCenterViewController.h */,
				8A5ABC4B2689D1F500DF1108 /* PenguinChaseCenterViewController.m */,
				8A71913D26930681004F4953 /* PenguinCenterListTableViewCell.h */,
				8A71913E26930681004F4953 /* PenguinCenterListTableViewCell.m */,
				8A719143269306A7004F4953 /* PenguinCenterHeaderView.h */,
				8A719144269306A7004F4953 /* PenguinCenterHeaderView.m */,
				8A5970FB26943E95006D3675 /* PenguinCenterBtn.h */,
				8A5970FC26943E95006D3675 /* PenguinCenterBtn.m */,
			);
			path = PenguinChase_center;
			sourceTree = "<group>";
		};
		8A5ABC072689CE2000DF1108 /* PenguunChase_Base */ = {
			isa = PBXGroup;
			children = (
				8A5ABC082689CE6900DF1108 /* PenguinChase_BaseTabbarViewController.h */,
				8A5ABC092689CE6900DF1108 /* PenguinChase_BaseTabbarViewController.m */,
				8A5ABC112689CEA300DF1108 /* PenguinChase_BaseViewController.h */,
				8A5ABC122689CEA300DF1108 /* PenguinChase_BaseViewController.m */,
				8A5ABC172689CEC300DF1108 /* PenguinChaseListViewController.h */,
				8A5ABC182689CEC300DF1108 /* PenguinChaseListViewController.m */,
				8A5ABC1D2689CEE100DF1108 /* PenguinChaseBaseTableViewCell.h */,
				8A5ABC1E2689CEE100DF1108 /* PenguinChaseBaseTableViewCell.m */,
				8A5ABC232689CF3B00DF1108 /* PenguinChaseBaseCollectionViewCell.h */,
				8A5ABC242689CF3B00DF1108 /* PenguinChaseBaseCollectionViewCell.m */,
			);
			path = PenguunChase_Base;
			sourceTree = "<group>";
		};
		8A5ABC592689D23100DF1108 /* PenguinChase_Login */ = {
			isa = PBXGroup;
			children = (
				8A5ABC5A2689D23E00DF1108 /* PenguinChaseLoginViewController.h */,
				8A5ABC5B2689D23E00DF1108 /* PenguinChaseLoginViewController.m */,
			);
			path = PenguinChase_Login;
			sourceTree = "<group>";
		};
		8A5ABC632689D25700DF1108 /* PenguinChase_LoginModel */ = {
			isa = PBXGroup;
			children = (
				8A5ABC642689D26B00DF1108 /* PenguinChaseLoginTool.h */,
				8A5ABC652689D26B00DF1108 /* PenguinChaseLoginTool.m */,
			);
			path = PenguinChase_LoginModel;
			sourceTree = "<group>";
		};
		8A7190BE2692E05F004F4953 /* PenguinCase_ComentList */ = {
			isa = PBXGroup;
			children = (
				8A7190BF2692E088004F4953 /* PenguinChaseComentListViewController.h */,
				8A7190C02692E088004F4953 /* PenguinChaseComentListViewController.m */,
				8A7190C82692E1BC004F4953 /* PenguinChaseComentListTableViewCell.h */,
				8A7190C92692E1BC004F4953 /* PenguinChaseComentListTableViewCell.m */,
			);
			path = PenguinCase_ComentList;
			sourceTree = "<group>";
		};
		8A7190CE2692F887004F4953 /* PenguinCase_JubaoList */ = {
			isa = PBXGroup;
			children = (
				8A7190CF2692F98C004F4953 /* PenguinChaseJubaoLitsViewController.h */,
				8A7190D22692F98C004F4953 /* PenguinChaseJubaoLitsViewController.m */,
				8A7190D02692F98C004F4953 /* PenguinChaseJubaoVideoWarningModel.h */,
				8A7190D12692F98C004F4953 /* PenguinChaseJubaoVideoWarningModel.m */,
				8A7190D42692F98D004F4953 /* PenguinChaseVideowarningTabeCell.h */,
				8A7190D32692F98C004F4953 /* PenguinChaseVideowarningTabeCell.m */,
			);
			path = PenguinCase_JubaoList;
			sourceTree = "<group>";
		};
		8A71911926930061004F4953 /* PenguinCase_ZanAndComent */ = {
			isa = PBXGroup;
			children = (
				8A71911A2693008A004F4953 /* PenguinChaseZanComentViewController.h */,
				8A71911B2693008A004F4953 /* PenguinChaseZanComentViewController.m */,
			);
			path = PenguinCase_ZanAndComent;
			sourceTree = "<group>";
		};
		8A7191272693036C004F4953 /* PenguinChase_systemMessage */ = {
			isa = PBXGroup;
			children = (
				8A71912A2693037A004F4953 /* PenguinChaseVideoNotiCationTableViewCell.h */,
				8A7191282693037A004F4953 /* PenguinChaseVideoNotiCationTableViewCell.m */,
				8A7191292693037A004F4953 /* PenguinChaseNotifiCationDetailViewController.h */,
				8A71912B2693037A004F4953 /* PenguinChaseNotifiCationDetailViewController.m */,
				8A71912C2693037B004F4953 /* PenguinChaseNotificationViewController.h */,
				8A71912D2693037B004F4953 /* PenguinChaseNotificationViewController.m */,
			);
			path = PenguinChase_systemMessage;
			sourceTree = "<group>";
		};
		C67917E0447A3906BEF8CFF5 /* Pods */ = {
			isa = PBXGroup;
			children = (
				07F36772430F51ABC7147DEB /* Pods-PenguinChase.debug.xcconfig */,
				C308773FEE156DB137E3421E /* Pods-PenguinChase.release.xcconfig */,
			);
			path = Pods;
			sourceTree = "<group>";
		};
/* End PBXGroup section */

/* Begin PBXNativeTarget section */
		8A32A66526845F480089F8BC /* PenguinChase */ = {
			isa = PBXNativeTarget;
			buildConfigurationList = 8A32A69526845F4A0089F8BC /* Build configuration list for PBXNativeTarget "PenguinChase" */;
			buildPhases = (
				3782A7E4C7A776915EC026FE /* [CP] Check Pods Manifest.lock */,
				8A32A66226845F480089F8BC /* Sources */,
				8A32A66326845F480089F8BC /* Frameworks */,
				8A32A66426845F480089F8BC /* Resources */,
				C7EC56FC51C42AB06125263E /* [CP] Embed Pods Frameworks */,
				65C48EBBD9A72477245BDA1E /* [CP] Copy Pods Resources */,
			);
			buildRules = (
			);
			dependencies = (
			);
			name = PenguinChase;
			productName = PenguinChase;
			productReference = 8A32A66626845F480089F8BC /* PenguinChase.app */;
			productType = "com.apple.product-type.application";
		};
		8A32A68026845F4A0089F8BC /* PenguinChaseTests */ = {
			isa = PBXNativeTarget;
			buildConfigurationList = 8A32A69826845F4A0089F8BC /* Build configuration list for PBXNativeTarget "PenguinChaseTests" */;
			buildPhases = (
				8A32A67D26845F4A0089F8BC /* Sources */,
				8A32A67E26845F4A0089F8BC /* Frameworks */,
				8A32A67F26845F4A0089F8BC /* Resources */,
			);
			buildRules = (
			);
			dependencies = (
				8A32A68326845F4A0089F8BC /* PBXTargetDependency */,
			);
			name = PenguinChaseTests;
			productName = PenguinChaseTests;
			productReference = 8A32A68126845F4A0089F8BC /* PenguinChaseTests.xctest */;
			productType = "com.apple.product-type.bundle.unit-test";
		};
		8A32A68B26845F4A0089F8BC /* PenguinChaseUITests */ = {
			isa = PBXNativeTarget;
			buildConfigurationList = 8A32A69B26845F4A0089F8BC /* Build configuration list for PBXNativeTarget "PenguinChaseUITests" */;
			buildPhases = (
				8A32A68826845F4A0089F8BC /* Sources */,
				8A32A68926845F4A0089F8BC /* Frameworks */,
				8A32A68A26845F4A0089F8BC /* Resources */,
			);
			buildRules = (
			);
			dependencies = (
				8A32A68E26845F4A0089F8BC /* PBXTargetDependency */,
			);
			name = PenguinChaseUITests;
			productName = PenguinChaseUITests;
			productReference = 8A32A68C26845F4A0089F8BC /* PenguinChaseUITests.xctest */;
			productType = "com.apple.product-type.bundle.ui-testing";
		};
/* End PBXNativeTarget section */

/* Begin PBXProject section */
		8A32A65E26845F480089F8BC /* Project object */ = {
			isa = PBXProject;
			attributes = {
				LastUpgradeCheck = 1240;
				TargetAttributes = {
					8A32A66526845F480089F8BC = {
						CreatedOnToolsVersion = 12.4;
					};
					8A32A68026845F4A0089F8BC = {
						CreatedOnToolsVersion = 12.4;
						TestTargetID = 8A32A66526845F480089F8BC;
					};
					8A32A68B26845F4A0089F8BC = {
						CreatedOnToolsVersion = 12.4;
						TestTargetID = 8A32A66526845F480089F8BC;
					};
				};
			};
			buildConfigurationList = 8A32A66126845F480089F8BC /* Build configuration list for PBXProject "PenguinChase" */;
			compatibilityVersion = "Xcode 9.3";
			developmentRegion = en;
			hasScannedForEncodings = 0;
			knownRegions = (
				en,
				Base,
			);
			mainGroup = 8A32A65D26845F480089F8BC;
			productRefGroup = 8A32A66726845F480089F8BC /* Products */;
			projectDirPath = "";
			projectRoot = "";
			targets = (
				8A32A66526845F480089F8BC /* PenguinChase */,
				8A32A68026845F4A0089F8BC /* PenguinChaseTests */,
				8A32A68B26845F4A0089F8BC /* PenguinChaseUITests */,
			);
		};
/* End PBXProject section */

/* Begin PBXResourcesBuildPhase section */
		8A32A66426845F480089F8BC /* Resources */ = {
			isa = PBXResourcesBuildPhase;
			buildActionMask = 2147483647;
			files = (
				8A32A67926845F4A0089F8BC /* LaunchScreen.storyboard in Resources */,
				8A32A67626845F4A0089F8BC /* Assets.xcassets in Resources */,
				8A59715B2694574F006D3675 /* PenguinAbout.html in Resources */,
				8A32A67426845F480089F8BC /* Main.storyboard in Resources */,
			);
			runOnlyForDeploymentPostprocessing = 0;
		};
		8A32A67F26845F4A0089F8BC /* Resources */ = {
			isa = PBXResourcesBuildPhase;
			buildActionMask = 2147483647;
			files = (
			);
			runOnlyForDeploymentPostprocessing = 0;
		};
		8A32A68A26845F4A0089F8BC /* Resources */ = {
			isa = PBXResourcesBuildPhase;
			buildActionMask = 2147483647;
			files = (
			);
			runOnlyForDeploymentPostprocessing = 0;
		};
/* End PBXResourcesBuildPhase section */

/* Begin PBXShellScriptBuildPhase section */
		3782A7E4C7A776915EC026FE /* [CP] Check Pods Manifest.lock */ = {
			isa = PBXShellScriptBuildPhase;
			buildActionMask = 2147483647;
			files = (
			);
			inputFileListPaths = (
			);
			inputPaths = (
				"${PODS_PODFILE_DIR_PATH}/Podfile.lock",
				"${PODS_ROOT}/Manifest.lock",
			);
			name = "[CP] Check Pods Manifest.lock";
			outputFileListPaths = (
			);
			outputPaths = (
				"$(DERIVED_FILE_DIR)/Pods-PenguinChase-checkManifestLockResult.txt",
			);
			runOnlyForDeploymentPostprocessing = 0;
			shellPath = /bin/sh;
			shellScript = "diff \"${PODS_PODFILE_DIR_PATH}/Podfile.lock\" \"${PODS_ROOT}/Manifest.lock\" > /dev/null\nif [ $? != 0 ] ; then\n    # print error to STDERR\n    echo \"error: The sandbox is not in sync with the Podfile.lock. Run 'pod install' or update your CocoaPods installation.\" >&2\n    exit 1\nfi\n# This output is used by Xcode 'outputs' to avoid re-running this script phase.\necho \"SUCCESS\" > \"${SCRIPT_OUTPUT_FILE_0}\"\n";
			showEnvVarsInLog = 0;
		};
		65C48EBBD9A72477245BDA1E /* [CP] Copy Pods Resources */ = {
			isa = PBXShellScriptBuildPhase;
			buildActionMask = 2147483647;
			files = (
			);
			inputFileListPaths = (
				"${PODS_ROOT}/Target Support Files/Pods-PenguinChase/Pods-PenguinChase-resources-${CONFIGURATION}-input-files.xcfilelist",
			);
			name = "[CP] Copy Pods Resources";
			outputFileListPaths = (
				"${PODS_ROOT}/Target Support Files/Pods-PenguinChase/Pods-PenguinChase-resources-${CONFIGURATION}-output-files.xcfilelist",
			);
			runOnlyForDeploymentPostprocessing = 0;
			shellPath = /bin/sh;
			shellScript = "\"${PODS_ROOT}/Target Support Files/Pods-PenguinChase/Pods-PenguinChase-resources.sh\"\n";
			showEnvVarsInLog = 0;
		};
		C7EC56FC51C42AB06125263E /* [CP] Embed Pods Frameworks */ = {
			isa = PBXShellScriptBuildPhase;
			buildActionMask = 2147483647;
			files = (
			);
			inputFileListPaths = (
				"${PODS_ROOT}/Target Support Files/Pods-PenguinChase/Pods-PenguinChase-frameworks-${CONFIGURATION}-input-files.xcfilelist",
			);
			name = "[CP] Embed Pods Frameworks";
			outputFileListPaths = (
				"${PODS_ROOT}/Target Support Files/Pods-PenguinChase/Pods-PenguinChase-frameworks-${CONFIGURATION}-output-files.xcfilelist",
			);
			runOnlyForDeploymentPostprocessing = 0;
			shellPath = /bin/sh;
			shellScript = "\"${PODS_ROOT}/Target Support Files/Pods-PenguinChase/Pods-PenguinChase-frameworks.sh\"\n";
			showEnvVarsInLog = 0;
		};
/* End PBXShellScriptBuildPhase section */

/* Begin PBXSourcesBuildPhase section */
		8A32A66226845F480089F8BC /* Sources */ = {
			isa = PBXSourcesBuildPhase;
			buildActionMask = 2147483647;
			files = (
				8A32A67126845F480089F8BC /* ViewController.m in Sources */,
				8A59715326945717006D3675 /* PenguinaboutUsViewController.m in Sources */,
				8A5ABC662689D26B00DF1108 /* PenguinChaseLoginTool.m in Sources */,
				8A71911C2693008A004F4953 /* PenguinChaseZanComentViewController.m in Sources */,
				4A2556392690039500033DFD /* PenguinChaseVideodetailCollectionViewCell.m in Sources */,
				8A5ABBF02689CCF400DF1108 /* UITextField+AddPlaceholder.m in Sources */,
				8A5ABC372689D16C00DF1108 /* PenguinChaseHomeViewController.m in Sources */,
				8A515559268C5642001F5D52 /* PenguinChaseNewsTableViewCell.m in Sources */,
				8A59714326944F63006D3675 /* PenguinChaseSugestionViewController.m in Sources */,
				8A496145268AFAA400CB02DD /* PenguinChaseHomeFooterView.m in Sources */,
				8A5ABC1F2689CEE100DF1108 /* PenguinChaseBaseTableViewCell.m in Sources */,
				8A71912E2693037B004F4953 /* PenguinChaseVideoNotiCationTableViewCell.m in Sources */,
				4A25564B2690215B00033DFD /* PenguinChaseBangdanViewController.m in Sources */,
				4A25564626900D6000033DFD /* CarpVideoKefuModel.m in Sources */,
				8A7190D52692F98D004F4953 /* PenguinChaseJubaoVideoWarningModel.m in Sources */,
				8A5ABBFD2689CD6800DF1108 /* UIColor+CHRegex.m in Sources */,
				8A5ABC2B2689D12300DF1108 /* CHTabBar.m in Sources */,
				8A7190AE2692AFAF004F4953 /* PenguinChaseDongtaiTableViewCell.m in Sources */,
				4A25563C26900B0200033DFD /* PenginChaseVideoDetailTableViewCell.m in Sources */,
				8A7190BA2692DCBD004F4953 /* PenguinChaseDongtaiBtn.m in Sources */,
				8A7190A526929539004F4953 /* PenguinCase_GoodVideoHeaderView.m in Sources */,
				8A59716F26945B39006D3675 /* PengUinChaseWatchedViewController.m in Sources */,
				8A719145269306A7004F4953 /* PenguinCenterHeaderView.m in Sources */,
				8A7190D62692F98D004F4953 /* PenguinChaseJubaoLitsViewController.m in Sources */,
				8A5ABC312689D13A00DF1108 /* CoreAnimationEffect.m in Sources */,
				8A32A66B26845F480089F8BC /* AppDelegate.m in Sources */,
				8A71912F2693037B004F4953 /* PenguinChaseNotifiCationDetailViewController.m in Sources */,
				8A7190B42692DAF6004F4953 /* PenguinChaseDongtaiCollectionViewCell.m in Sources */,
				8A32A67C26845F4A0089F8BC /* main.m in Sources */,
				4A25564126900CF300033DFD /* PenguinChaseKefuViewController.m in Sources */,
				8A59717926945B74006D3675 /* PenguinChase_MySendViewController.m in Sources */,
				8A5ABC6F2689D2BF00DF1108 /* NSString+CHRegex.m in Sources */,
				8A7190D72692F98D004F4953 /* PenguinChaseVideowarningTabeCell.m in Sources */,
				8A7190C12692E088004F4953 /* PenguinChaseComentListViewController.m in Sources */,
				8A5ABC4C2689D1F500DF1108 /* PenguinChaseCenterViewController.m in Sources */,
				8A4960F4268AAAEF00CB02DD /* JRWaterFallLayout.m in Sources */,
				4A255636268FF78600033DFD /* PenguinChaseVideoDetailHeader.m in Sources */,
				8A5ABC252689CF3B00DF1108 /* PenguinChaseBaseCollectionViewCell.m in Sources */,
				8A5ABC3D2689D18600DF1108 /* PenguinChaseHuatiViewController.m in Sources */,
				8A59719626945CB1006D3675 /* PenguinhaseSendZoneCollectionCell.m in Sources */,
				8A49613F268AC9F100CB02DD /* PenguinChaseHomeTableViewCell.m in Sources */,
				8A5ABC522689D22000DF1108 /* PenguinChaseFabuViewController.m in Sources */,
				8A5ABBF42689CCF400DF1108 /* UIView+ACSLayer.m in Sources */,
				8A5ABBF52689CCF400DF1108 /* LMJHorizontalScrollText.m in Sources */,
				8A5ABC192689CEC300DF1108 /* PenguinChaseListViewController.m in Sources */,
				8A59718D26945BEE006D3675 /* PenguinChase_MyInfoViewController.m in Sources */,
				8A7191302693037B004F4953 /* PenguinChaseNotificationViewController.m in Sources */,
				8A5154B0268C0111001F5D52 /* PenguinChaseMessageTableViewCell.m in Sources */,
				8A515560268C6EB5001F5D52 /* PenguinChaseDongtaiViewController.m in Sources */,
				8A5ABC432689D1CF00DF1108 /* PenguinChaseMessageViewController.m in Sources */,
				8A59718326945BB6006D3675 /* PenginChaseMyColltecdViewController.m in Sources */,
				4A255633268FF6E500033DFD /* PenguinChaseVideoDetailViewController.m in Sources */,
				8A5154BF268C3D1A001F5D52 /* PenguinsystemMessageModel.m in Sources */,
				8A5970FD26943E95006D3675 /* PenguinCenterBtn.m in Sources */,
				8A59716526945A64006D3675 /* PenguinChaseMyFallowViewController.m in Sources */,
				4A25564E2690233700033DFD /* PenguinChaseBangdanTableViewCell.m in Sources */,
				8A496163268B22D600CB02DD /* PenguinHuatiRigthTableViewCell.m in Sources */,
				8A5ABC0A2689CE6900DF1108 /* PenguinChase_BaseTabbarViewController.m in Sources */,
				4A2556512690460A00033DFD /* PenguinChaseWantBtn.m in Sources */,
				8A5154C5268C4171001F5D52 /* PenguinChasesystemMessageTableViewCell.m in Sources */,
				8A71913F26930681004F4953 /* PenguinCenterListTableViewCell.m in Sources */,
				4A25564726900D6000033DFD /* CarpVideoKefuTableViewCell.m in Sources */,
				8A4960EE268AA91400CB02DD /* PenguinChaseHomHeaderView.m in Sources */,
				8A496154268B177700CB02DD /* PenguinChaseHuatiSearchView.m in Sources */,
				8A5ABC5C2689D23E00DF1108 /* PenguinChaseLoginViewController.m in Sources */,
				8A515550268C5427001F5D52 /* PenguinChaseHomeNewsViewController.m in Sources */,
				8A7190CA2692E1BC004F4953 /* PenguinChaseComentListTableViewCell.m in Sources */,
				8A59703126942E43006D3675 /* PenguinChaseSearchingViewController.m in Sources */,
				4A25565526904E4A00033DFD /* PenguinGoodVideoViewController.m in Sources */,
				8A5ABBF72689CCF400DF1108 /* UIView+HZXFrame.m in Sources */,
				8A5ABBF22689CCF400DF1108 /* WWStarView.m in Sources */,
				8A5ABBF12689CCF400DF1108 /* UIView+shadowPath.m in Sources */,
				8A5ABBF32689CCF400DF1108 /* UIViewController+IOS13.m in Sources */,
				8A59714926944F95006D3675 /* PenguinChaseAdviceCollectionCell.m in Sources */,
				8A5ABBF62689CCF400DF1108 /* UILabel+CDGPSpaceLb.m in Sources */,
				8A496136268ABBA600CB02DD /* PenguinChaseVideoMessageBtn.m in Sources */,
				8A49614B268B006A00CB02DD /* PenguinChaseHomeCollectionViewCell.m in Sources */,
				8A49615D268B1DE500CB02DD /* PenguinHuatileftTableViewCell.m in Sources */,
				8A5ABC132689CEA300DF1108 /* PenguinChase_BaseViewController.m in Sources */,
			);
			runOnlyForDeploymentPostprocessing = 0;
		};
		8A32A67D26845F4A0089F8BC /* Sources */ = {
			isa = PBXSourcesBuildPhase;
			buildActionMask = 2147483647;
			files = (
				8A32A68626845F4A0089F8BC /* PenguinChaseTests.m in Sources */,
			);
			runOnlyForDeploymentPostprocessing = 0;
		};
		8A32A68826845F4A0089F8BC /* Sources */ = {
			isa = PBXSourcesBuildPhase;
			buildActionMask = 2147483647;
			files = (
				8A32A69126845F4A0089F8BC /* PenguinChaseUITests.m in Sources */,
			);
			runOnlyForDeploymentPostprocessing = 0;
		};
/* End PBXSourcesBuildPhase section */

/* Begin PBXTargetDependency section */
		8A32A68326845F4A0089F8BC /* PBXTargetDependency */ = {
			isa = PBXTargetDependency;
			target = 8A32A66526845F480089F8BC /* PenguinChase */;
			targetProxy = 8A32A68226845F4A0089F8BC /* PBXContainerItemProxy */;
		};
		8A32A68E26845F4A0089F8BC /* PBXTargetDependency */ = {
			isa = PBXTargetDependency;
			target = 8A32A66526845F480089F8BC /* PenguinChase */;
			targetProxy = 8A32A68D26845F4A0089F8BC /* PBXContainerItemProxy */;
		};
/* End PBXTargetDependency section */

/* Begin PBXVariantGroup section */
		8A32A67226845F480089F8BC /* Main.storyboard */ = {
			isa = PBXVariantGroup;
			children = (
				8A32A67326845F480089F8BC /* Base */,
			);
			name = Main.storyboard;
			sourceTree = "<group>";
		};
		8A32A67726845F4A0089F8BC /* LaunchScreen.storyboard */ = {
			isa = PBXVariantGroup;
			children = (
				8A32A67826845F4A0089F8BC /* Base */,
			);
			name = LaunchScreen.storyboard;
			sourceTree = "<group>";
		};
/* End PBXVariantGroup section */

/* Begin XCBuildConfiguration section */
		8A32A69326845F4A0089F8BC /* Debug */ = {
			isa = XCBuildConfiguration;
			buildSettings = {
				ALWAYS_SEARCH_USER_PATHS = NO;
				CLANG_ANALYZER_NONNULL = YES;
				CLANG_ANALYZER_NUMBER_OBJECT_CONVERSION = YES_AGGRESSIVE;
				CLANG_CXX_LANGUAGE_STANDARD = "gnu++14";
				CLANG_CXX_LIBRARY = "libc++";
				CLANG_ENABLE_MODULES = YES;
				CLANG_ENABLE_OBJC_ARC = YES;
				CLANG_ENABLE_OBJC_WEAK = YES;
				CLANG_WARN_BLOCK_CAPTURE_AUTORELEASING = YES;
				CLANG_WARN_BOOL_CONVERSION = YES;
				CLANG_WARN_COMMA = YES;
				CLANG_WARN_CONSTANT_CONVERSION = YES;
				CLANG_WARN_DEPRECATED_OBJC_IMPLEMENTATIONS = YES;
				CLANG_WARN_DIRECT_OBJC_ISA_USAGE = YES_ERROR;
				CLANG_WARN_DOCUMENTATION_COMMENTS = YES;
				CLANG_WARN_EMPTY_BODY = YES;
				CLANG_WARN_ENUM_CONVERSION = YES;
				CLANG_WARN_INFINITE_RECURSION = YES;
				CLANG_WARN_INT_CONVERSION = YES;
				CLANG_WARN_NON_LITERAL_NULL_CONVERSION = YES;
				CLANG_WARN_OBJC_IMPLICIT_RETAIN_SELF = YES;
				CLANG_WARN_OBJC_LITERAL_CONVERSION = YES;
				CLANG_WARN_OBJC_ROOT_CLASS = YES_ERROR;
				CLANG_WARN_QUOTED_INCLUDE_IN_FRAMEWORK_HEADER = YES;
				CLANG_WARN_RANGE_LOOP_ANALYSIS = YES;
				CLANG_WARN_STRICT_PROTOTYPES = YES;
				CLANG_WARN_SUSPICIOUS_MOVE = YES;
				CLANG_WARN_UNGUARDED_AVAILABILITY = YES_AGGRESSIVE;
				CLANG_WARN_UNREACHABLE_CODE = YES;
				CLANG_WARN__DUPLICATE_METHOD_MATCH = YES;
				COPY_PHASE_STRIP = NO;
				DEBUG_INFORMATION_FORMAT = dwarf;
				ENABLE_STRICT_OBJC_MSGSEND = YES;
				ENABLE_TESTABILITY = YES;
				GCC_C_LANGUAGE_STANDARD = gnu11;
				GCC_DYNAMIC_NO_PIC = NO;
				GCC_NO_COMMON_BLOCKS = YES;
				GCC_OPTIMIZATION_LEVEL = 0;
				GCC_PREPROCESSOR_DEFINITIONS = (
					"DEBUG=1",
					"$(inherited)",
				);
				GCC_WARN_64_TO_32_BIT_CONVERSION = YES;
				GCC_WARN_ABOUT_RETURN_TYPE = YES_ERROR;
				GCC_WARN_UNDECLARED_SELECTOR = YES;
				GCC_WARN_UNINITIALIZED_AUTOS = YES_AGGRESSIVE;
				GCC_WARN_UNUSED_FUNCTION = YES;
				GCC_WARN_UNUSED_VARIABLE = YES;
				IPHONEOS_DEPLOYMENT_TARGET = 14.4;
				MTL_ENABLE_DEBUG_INFO = INCLUDE_SOURCE;
				MTL_FAST_MATH = YES;
				ONLY_ACTIVE_ARCH = YES;
				SDKROOT = iphoneos;
			};
			name = Debug;
		};
		8A32A69426845F4A0089F8BC /* Release */ = {
			isa = XCBuildConfiguration;
			buildSettings = {
				ALWAYS_SEARCH_USER_PATHS = NO;
				CLANG_ANALYZER_NONNULL = YES;
				CLANG_ANALYZER_NUMBER_OBJECT_CONVERSION = YES_AGGRESSIVE;
				CLANG_CXX_LANGUAGE_STANDARD = "gnu++14";
				CLANG_CXX_LIBRARY = "libc++";
				CLANG_ENABLE_MODULES = YES;
				CLANG_ENABLE_OBJC_ARC = YES;
				CLANG_ENABLE_OBJC_WEAK = YES;
				CLANG_WARN_BLOCK_CAPTURE_AUTORELEASING = YES;
				CLANG_WARN_BOOL_CONVERSION = YES;
				CLANG_WARN_COMMA = YES;
				CLANG_WARN_CONSTANT_CONVERSION = YES;
				CLANG_WARN_DEPRECATED_OBJC_IMPLEMENTATIONS = YES;
				CLANG_WARN_DIRECT_OBJC_ISA_USAGE = YES_ERROR;
				CLANG_WARN_DOCUMENTATION_COMMENTS = YES;
				CLANG_WARN_EMPTY_BODY = YES;
				CLANG_WARN_ENUM_CONVERSION = YES;
				CLANG_WARN_INFINITE_RECURSION = YES;
				CLANG_WARN_INT_CONVERSION = YES;
				CLANG_WARN_NON_LITERAL_NULL_CONVERSION = YES;
				CLANG_WARN_OBJC_IMPLICIT_RETAIN_SELF = YES;
				CLANG_WARN_OBJC_LITERAL_CONVERSION = YES;
				CLANG_WARN_OBJC_ROOT_CLASS = YES_ERROR;
				CLANG_WARN_QUOTED_INCLUDE_IN_FRAMEWORK_HEADER = YES;
				CLANG_WARN_RANGE_LOOP_ANALYSIS = YES;
				CLANG_WARN_STRICT_PROTOTYPES = YES;
				CLANG_WARN_SUSPICIOUS_MOVE = YES;
				CLANG_WARN_UNGUARDED_AVAILABILITY = YES_AGGRESSIVE;
				CLANG_WARN_UNREACHABLE_CODE = YES;
				CLANG_WARN__DUPLICATE_METHOD_MATCH = YES;
				COPY_PHASE_STRIP = NO;
				DEBUG_INFORMATION_FORMAT = "dwarf-with-dsym";
				ENABLE_NS_ASSERTIONS = NO;
				ENABLE_STRICT_OBJC_MSGSEND = YES;
				GCC_C_LANGUAGE_STANDARD = gnu11;
				GCC_NO_COMMON_BLOCKS = YES;
				GCC_WARN_64_TO_32_BIT_CONVERSION = YES;
				GCC_WARN_ABOUT_RETURN_TYPE = YES_ERROR;
				GCC_WARN_UNDECLARED_SELECTOR = YES;
				GCC_WARN_UNINITIALIZED_AUTOS = YES_AGGRESSIVE;
				GCC_WARN_UNUSED_FUNCTION = YES;
				GCC_WARN_UNUSED_VARIABLE = YES;
				IPHONEOS_DEPLOYMENT_TARGET = 14.4;
				MTL_ENABLE_DEBUG_INFO = NO;
				MTL_FAST_MATH = YES;
				SDKROOT = iphoneos;
				VALIDATE_PRODUCT = YES;
			};
			name = Release;
		};
		8A32A69626845F4A0089F8BC /* Debug */ = {
			isa = XCBuildConfiguration;
			baseConfigurationReference = 07F36772430F51ABC7147DEB /* Pods-PenguinChase.debug.xcconfig */;
			buildSettings = {
				ASSETCATALOG_COMPILER_APPICON_NAME = AppIcon;
				ASSETCATALOG_COMPILER_GLOBAL_ACCENT_COLOR_NAME = AccentColor;
				ASSETCATALOG_COMPILER_LAUNCHIMAGE_NAME = LaunchImage;
				CODE_SIGN_STYLE = Automatic;
				GCC_PRECOMPILE_PREFIX_HEADER = YES;
				GCC_PREFIX_HEADER = "$(SRCROOT)/PenguinChase/PrefixHeader.pch";
				INFOPLIST_FILE = PenguinChase/Info.plist;
				IPHONEOS_DEPLOYMENT_TARGET = 9.0;
				LD_RUNPATH_SEARCH_PATHS = (
					"$(inherited)",
					"@executable_path/Frameworks",
				);
				MARKETING_VERSION = 1.0;
				PRODUCT_BUNDLE_IDENTIFIER = com.penguinChasing.PenguinChase;
				PRODUCT_NAME = "$(TARGET_NAME)";
				TARGETED_DEVICE_FAMILY = 1;
			};
			name = Debug;
		};
		8A32A69726845F4A0089F8BC /* Release */ = {
			isa = XCBuildConfiguration;
			baseConfigurationReference = C308773FEE156DB137E3421E /* Pods-PenguinChase.release.xcconfig */;
			buildSettings = {
				ASSETCATALOG_COMPILER_APPICON_NAME = AppIcon;
				ASSETCATALOG_COMPILER_GLOBAL_ACCENT_COLOR_NAME = AccentColor;
				ASSETCATALOG_COMPILER_LAUNCHIMAGE_NAME = LaunchImage;
				CODE_SIGN_STYLE = Automatic;
				GCC_PRECOMPILE_PREFIX_HEADER = YES;
				GCC_PREFIX_HEADER = "$(SRCROOT)/PenguinChase/PrefixHeader.pch";
				INFOPLIST_FILE = PenguinChase/Info.plist;
				IPHONEOS_DEPLOYMENT_TARGET = 9.0;
				LD_RUNPATH_SEARCH_PATHS = (
					"$(inherited)",
					"@executable_path/Frameworks",
				);
				MARKETING_VERSION = 1.0;
				PRODUCT_BUNDLE_IDENTIFIER = com.penguinChasing.PenguinChase;
				PRODUCT_NAME = "$(TARGET_NAME)";
				TARGETED_DEVICE_FAMILY = 1;
			};
			name = Release;
		};
		8A32A69926845F4A0089F8BC /* Debug */ = {
			isa = XCBuildConfiguration;
			buildSettings = {
				BUNDLE_LOADER = "$(TEST_HOST)";
				CODE_SIGN_STYLE = Automatic;
				INFOPLIST_FILE = PenguinChaseTests/Info.plist;
				IPHONEOS_DEPLOYMENT_TARGET = 14.4;
				LD_RUNPATH_SEARCH_PATHS = (
					"$(inherited)",
					"@executable_path/Frameworks",
					"@loader_path/Frameworks",
				);
				PRODUCT_BUNDLE_IDENTIFIER = com.penguinChasing.PenguinChaseTests;
				PRODUCT_NAME = "$(TARGET_NAME)";
				TARGETED_DEVICE_FAMILY = "1,2";
				TEST_HOST = "$(BUILT_PRODUCTS_DIR)/PenguinChase.app/PenguinChase";
			};
			name = Debug;
		};
		8A32A69A26845F4A0089F8BC /* Release */ = {
			isa = XCBuildConfiguration;
			buildSettings = {
				BUNDLE_LOADER = "$(TEST_HOST)";
				CODE_SIGN_STYLE = Automatic;
				INFOPLIST_FILE = PenguinChaseTests/Info.plist;
				IPHONEOS_DEPLOYMENT_TARGET = 14.4;
				LD_RUNPATH_SEARCH_PATHS = (
					"$(inherited)",
					"@executable_path/Frameworks",
					"@loader_path/Frameworks",
				);
				PRODUCT_BUNDLE_IDENTIFIER = com.penguinChasing.PenguinChaseTests;
				PRODUCT_NAME = "$(TARGET_NAME)";
				TARGETED_DEVICE_FAMILY = "1,2";
				TEST_HOST = "$(BUILT_PRODUCTS_DIR)/PenguinChase.app/PenguinChase";
			};
			name = Release;
		};
		8A32A69C26845F4A0089F8BC /* Debug */ = {
			isa = XCBuildConfiguration;
			buildSettings = {
				CODE_SIGN_STYLE = Automatic;
				INFOPLIST_FILE = PenguinChaseUITests/Info.plist;
				LD_RUNPATH_SEARCH_PATHS = (
					"$(inherited)",
					"@executable_path/Frameworks",
					"@loader_path/Frameworks",
				);
				PRODUCT_BUNDLE_IDENTIFIER = com.penguinChasing.PenguinChaseUITests;
				PRODUCT_NAME = "$(TARGET_NAME)";
				TARGETED_DEVICE_FAMILY = "1,2";
				TEST_TARGET_NAME = PenguinChase;
			};
			name = Debug;
		};
		8A32A69D26845F4A0089F8BC /* Release */ = {
			isa = XCBuildConfiguration;
			buildSettings = {
				CODE_SIGN_STYLE = Automatic;
				INFOPLIST_FILE = PenguinChaseUITests/Info.plist;
				LD_RUNPATH_SEARCH_PATHS = (
					"$(inherited)",
					"@executable_path/Frameworks",
					"@loader_path/Frameworks",
				);
				PRODUCT_BUNDLE_IDENTIFIER = com.penguinChasing.PenguinChaseUITests;
				PRODUCT_NAME = "$(TARGET_NAME)";
				TARGETED_DEVICE_FAMILY = "1,2";
				TEST_TARGET_NAME = PenguinChase;
			};
			name = Release;
		};
/* End XCBuildConfiguration section */

/* Begin XCConfigurationList section */
		8A32A66126845F480089F8BC /* Build configuration list for PBXProject "PenguinChase" */ = {
			isa = XCConfigurationList;
			buildConfigurations = (
				8A32A69326845F4A0089F8BC /* Debug */,
				8A32A69426845F4A0089F8BC /* Release */,
			);
			defaultConfigurationIsVisible = 0;
			defaultConfigurationName = Release;
		};
		8A32A69526845F4A0089F8BC /* Build configuration list for PBXNativeTarget "PenguinChase" */ = {
			isa = XCConfigurationList;
			buildConfigurations = (
				8A32A69626845F4A0089F8BC /* Debug */,
				8A32A69726845F4A0089F8BC /* Release */,
			);
			defaultConfigurationIsVisible = 0;
			defaultConfigurationName = Release;
		};
		8A32A69826845F4A0089F8BC /* Build configuration list for PBXNativeTarget "PenguinChaseTests" */ = {
			isa = XCConfigurationList;
			buildConfigurations = (
				8A32A69926845F4A0089F8BC /* Debug */,
				8A32A69A26845F4A0089F8BC /* Release */,
			);
			defaultConfigurationIsVisible = 0;
			defaultConfigurationName = Release;
		};
		8A32A69B26845F4A0089F8BC /* Build configuration list for PBXNativeTarget "PenguinChaseUITests" */ = {
			isa = XCConfigurationList;
			buildConfigurations = (
				8A32A69C26845F4A0089F8BC /* Debug */,
				8A32A69D26845F4A0089F8BC /* Release */,
			);
			defaultConfigurationIsVisible = 0;
			defaultConfigurationName = Release;
		};
/* End XCConfigurationList section */
	};
	rootObject = 8A32A65E26845F480089F8BC /* Project object */;
}
